// !$*UTF8*$!
{
	archiveVersion = 1;
	classes = {};
	objectVersion = 56;
	objects = {

/* Begin PBXBuildFile section */
		46E0ECEEC9BB4631AD8C6D1C /* ParentsHealthApp.swift in Sources */ = {isa = PBXBuildFile; fileRef = F036091C845A45828662B76D /* ParentsHealthApp.swift */; };
		901DA8863DDE456DA6E8CB9A /* AppDelegate.swift in Sources */ = {isa = PBXBuildFile; fileRef = 33C9DEC87A674CE7BA975F57 /* AppDelegate.swift */; };
		C4AAB9D2663848E6B8FBF0F2 /* MetricType.swift in Sources */ = {isa = PBXBuildFile; fileRef = 70101307AE6B4FF7B124C846 /* MetricType.swift */; };
		6717A1E4FBDE4FECA1B0563C /* ParentProfile.swift in Sources */ = {isa = PBXBuildFile; fileRef = 6FCD9519FB2042C5A4113B9B /* ParentProfile.swift */; };
		DCBB375DC1414E6CA1EFB51F /* HealthMetric.swift in Sources */ = {isa = PBXBuildFile; fileRef = 02065A190AA9476F98356314 /* HealthMetric.swift */; };
		8A7031BC47024BCC8B984501 /* Medication.swift in Sources */ = {isa = PBXBuildFile; fileRef = 8773A923426D4D11A7C43FDC /* Medication.swift */; };
		B64DE340586A4CF3AE0E67C9 /* MedicationFrequency.swift in Sources */ = {isa = PBXBuildFile; fileRef = 4F44780FC3074F8D9E44453D /* MedicationFrequency.swift */; };
		EE268F34BC084F778FAE8E31 /* LabReport.swift in Sources */ = {isa = PBXBuildFile; fileRef = 1B51741D159E4CBEB6729540 /* LabReport.swift */; };
		BF7FBB6778F24AF28C7CAA61 /* LabTestKey.swift in Sources */ = {isa = PBXBuildFile; fileRef = 12F133C9B20E45538B219718 /* LabTestKey.swift */; };
		B5F42E1F1377416C9DF1997D /* HealthAlert.swift in Sources */ = {isa = PBXBuildFile; fileRef = BFE7F20DB2464E1ABDFA4232 /* HealthAlert.swift */; };
		7C80B01F028B4A2B83CD875A /* CareProvider.swift in Sources */ = {isa = PBXBuildFile; fileRef = F75F106E2C2A44C18378F46C /* CareProvider.swift */; };
		F867794A0881447297CD93D5 /* Appointment.swift in Sources */ = {isa = PBXBuildFile; fileRef = 73B662A3A05748A6ABC11BAC /* Appointment.swift */; };
		F6F930B9A6AC42F7A8C8BBDA /* AppTheme.swift in Sources */ = {isa = PBXBuildFile; fileRef = A610D05CA6284CE7941209EE /* AppTheme.swift */; };
		F091777DB9A64B27B0B0470F /* LiquidGlassComponents.swift in Sources */ = {isa = PBXBuildFile; fileRef = 473C1CBB0979488FA3B43DA8 /* LiquidGlassComponents.swift */; };
		17703D7CED0B40EAA96A15E2 /* SharedComponents.swift in Sources */ = {isa = PBXBuildFile; fileRef = 80A2958618BD46DB95989FCE /* SharedComponents.swift */; };
		BA82ABB219DC4CF3B44E11C1 /* MainTabView.swift in Sources */ = {isa = PBXBuildFile; fileRef = 86992D8DE7BC40CEA035B3CC /* MainTabView.swift */; };
		0A5BDA96C4484B44ADD138BC /* DashboardView.swift in Sources */ = {isa = PBXBuildFile; fileRef = 908DE034FF3E417A8EAAABCE /* DashboardView.swift */; };
		6B8DC8D041C2406A8E8158B9 /* HealthAlertsView.swift in Sources */ = {isa = PBXBuildFile; fileRef = 3675F307D6E249BC8A91214F /* HealthAlertsView.swift */; };
		79469A179B84434288DD6A3D /* ParentsListView.swift in Sources */ = {isa = PBXBuildFile; fileRef = FE9E4437172449639408F6D5 /* ParentsListView.swift */; };
		38A0F49970EB4BA598983F14 /* ParentDetailView.swift in Sources */ = {isa = PBXBuildFile; fileRef = 975ECB7797854A0EB157E55E /* ParentDetailView.swift */; };
		044977B7A8504C52AB26A254 /* ParentFormView.swift in Sources */ = {isa = PBXBuildFile; fileRef = 42B6749506064A1687A1807C /* ParentFormView.swift */; };
		7FC33180133242AA986CB001 /* CareProvidersView.swift in Sources */ = {isa = PBXBuildFile; fileRef = 60E9B4827D094760A4A699C1 /* CareProvidersView.swift */; };
		AADE03B0219C4E9382A987A2 /* AddCareProviderView.swift in Sources */ = {isa = PBXBuildFile; fileRef = AAF13A3BE6174316A41551A6 /* AddCareProviderView.swift */; };
		C15A998C6B904C5E8E73EE3C /* AddAppointmentView.swift in Sources */ = {isa = PBXBuildFile; fileRef = 352E7A400FAF4BFEA8FAA696 /* AddAppointmentView.swift */; };
		76BEFE999FD8469787058639 /* ChartsView.swift in Sources */ = {isa = PBXBuildFile; fileRef = 6263420622AA4AA5B4FBDEAB /* ChartsView.swift */; };
		C016869E278147DB897A26D8 /* MedicationsView.swift in Sources */ = {isa = PBXBuildFile; fileRef = A7226D320C2B4AB782AD2DE8 /* MedicationsView.swift */; };
		0E549F35F9164299921906CE /* AddMedicationView.swift in Sources */ = {isa = PBXBuildFile; fileRef = B7B2ADE33A634C77AAAE6CC9 /* AddMedicationView.swift */; };
		26F594A676224FAA8A1D51F0 /* QuickLogView.swift in Sources */ = {isa = PBXBuildFile; fileRef = FE6ABF9DC5DA4A3398EE4C50 /* QuickLogView.swift */; };
		026E43F7D5F34C5998B5BC24 /* LabReportsView.swift in Sources */ = {isa = PBXBuildFile; fileRef = EA90FEE42DCE4EBB9D709F85 /* LabReportsView.swift */; };
		7999E4BEBA8349328E5BF94D /* LabReportDetailView.swift in Sources */ = {isa = PBXBuildFile; fileRef = A5610ECB4AEF48B189D056F2 /* LabReportDetailView.swift */; };
		492C89041156412B80F26B11 /* ImportLabReportView.swift in Sources */ = {isa = PBXBuildFile; fileRef = EE9CF1B0D338496C91C54E01 /* ImportLabReportView.swift */; };
		7B83DED20DB540FBA06E3313 /* SettingsView.swift in Sources */ = {isa = PBXBuildFile; fileRef = 17E2E7B9AAFD4F12BC584978 /* SettingsView.swift */; };
		E66FBC4EAE1D4566902DF076 /* SampleData.swift in Sources */ = {isa = PBXBuildFile; fileRef = AB2BDBD37D114BE2B9023D78 /* SampleData.swift */; };
		2825A528EF91441D952DC00C /* HealthScoreCalculator.swift in Sources */ = {isa = PBXBuildFile; fileRef = 6D9CF6DA0D26433E928C0DD9 /* HealthScoreCalculator.swift */; };
		0CC92F0556B141399E087667 /* MedicationAdherenceCalculator.swift in Sources */ = {isa = PBXBuildFile; fileRef = A55878AE86BD4CC5AC2E2B65 /* MedicationAdherenceCalculator.swift */; };
		0E8BCCAB8A784A8CB35BD522 /* LabReportParser.swift in Sources */ = {isa = PBXBuildFile; fileRef = B55A4D9FC839431394CBA528 /* LabReportParser.swift */; };
		993C482F6BC4459F95C51AF5 /* LabReportOCRService.swift in Sources */ = {isa = PBXBuildFile; fileRef = 6A85B13804D94D609AB18285 /* LabReportOCRService.swift */; };
		A294C6A2ECCD460EA74F9E09 /* MedicationOCRService.swift in Sources */ = {isa = PBXBuildFile; fileRef = 20139BE2128648F09E7AF461 /* MedicationOCRService.swift */; };
		75FE4DDA99D449FEACE54521 /* NotificationService.swift in Sources */ = {isa = PBXBuildFile; fileRef = F10A5A9268FB4DD7AB7103CF /* NotificationService.swift */; };
		EF126F3A92624F1695E9DD7D /* HealthKitService.swift in Sources */ = {isa = PBXBuildFile; fileRef = D6009BA0C109408C9511D23C /* HealthKitService.swift */; };
		4F471DD55BD84C3D87EFA78E /* ReportExportService.swift in Sources */ = {isa = PBXBuildFile; fileRef = 97BDDF75A77A4961B57CAD06 /* ReportExportService.swift */; };
		03BAB63B5411498E902843AB /* AppSettings.swift in Sources */ = {isa = PBXBuildFile; fileRef = 1A45EB9E11704C5D9F0CB0C4 /* AppSettings.swift */; };
		214779541D61424E973F2DDF /* LabTrendService.swift in Sources */ = {isa = PBXBuildFile; fileRef = 601E9F92727D42E8BFBE5A0E /* LabTrendService.swift */; };
		AA1422C0AD2749D49A04D7AD /* HealthAlertService.swift in Sources */ = {isa = PBXBuildFile; fileRef = E8E593F41E4D4B05940742EF /* HealthAlertService.swift */; };
		154A6CB379DB4AFA9A6027F3 /* LabAnalysisService.swift in Sources */ = {isa = PBXBuildFile; fileRef = 224B0C273BA5413FA038D279 /* LabAnalysisService.swift */; };
		963E741404FA4C1586FD8CB7 /* LabReportRepository.swift in Sources */ = {isa = PBXBuildFile; fileRef = 8EF5AFD90D2A4C53B07CD3A4 /* LabReportRepository.swift */; };
		7C90AAFB856546C991D33FF8 /* SelectedParentStore.swift in Sources */ = {isa = PBXBuildFile; fileRef = FEF77E6C5CE340D8854BA56A /* SelectedParentStore.swift */; };
		87AC9695418643878671D6BE /* FeedbackService.swift in Sources */ = {isa = PBXBuildFile; fileRef = 732FD10C161B48A8A8C55118 /* FeedbackService.swift */; };
		DB3E62A206F74611AE8428D1 /* AppNavigationStore.swift in Sources */ = {isa = PBXBuildFile; fileRef = D4FC1D80F49845FEA752A96C /* AppNavigationStore.swift */; };
		E20C16F48441483B8CFAFB96 /* Assets.xcassets in Resources */ = {isa = PBXBuildFile; fileRef = EC8D04708CFB40CA9A3C35E3 /* Assets.xcassets */; };
		5E71C743AB37489CAA8F5FE8 /* HealthScoreCalculatorTests.swift in Sources */ = {isa = PBXBuildFile; fileRef = 5DB7832522FE41ACBFD3B0E8 /* HealthScoreCalculatorTests.swift */; };
		2AFEA3C2769948DC9DDAB6C7 /* LabReportParserTests.swift in Sources */ = {isa = PBXBuildFile; fileRef = 6DC7D327D9404D9D8CEE6D6E /* LabReportParserTests.swift */; };
		0E5FB0117D8648808CFFCA96 /* MetricTypeTests.swift in Sources */ = {isa = PBXBuildFile; fileRef = 22D532AD56C04B7998E689DC /* MetricTypeTests.swift */; };
		616FFB14FBB54793BEE14802 /* MedicationAdherenceTests.swift in Sources */ = {isa = PBXBuildFile; fileRef = 6B37048DA38B4B9096CEB751 /* MedicationAdherenceTests.swift */; };
		2E663DBDFDDA42C49EF2F1A1 /* MedicationScheduleTests.swift in Sources */ = {isa = PBXBuildFile; fileRef = FBB087976E094AA9B2D4B2B5 /* MedicationScheduleTests.swift */; };
		A1CD693CC4CA483EBEFAE0A0 /* MedicationOCRServiceTests.swift in Sources */ = {isa = PBXBuildFile; fileRef = F949D3F9F1834E3AA4298CA4 /* MedicationOCRServiceTests.swift */; };
		FCFB8CD73F674DF9A01FF9FC /* ReportExportServiceTests.swift in Sources */ = {isa = PBXBuildFile; fileRef = A26E9F4873CC46F38DB3F630 /* ReportExportServiceTests.swift */; };
		A42EA3D1400947AE90FD1CAD /* LabTrendServiceTests.swift in Sources */ = {isa = PBXBuildFile; fileRef = F64428AD8077480F82AB6762 /* LabTrendServiceTests.swift */; };
		35E667DD1F69400497DDAF60 /* LabAnalysisServiceTests.swift in Sources */ = {isa = PBXBuildFile; fileRef = BD247A9DC43345C3A64515C9 /* LabAnalysisServiceTests.swift */; };
		F5F80C282681451BA5250B60 /* HealthAlertServiceTests.swift in Sources */ = {isa = PBXBuildFile; fileRef = 7ABAAD4822244C61B297E54D /* HealthAlertServiceTests.swift */; };
		D1E859C134A94345ACC8D658 /* ParentsHealthUITests.swift in Sources */ = {isa = PBXBuildFile; fileRef = 35DDB1388D4B4E399FC223FC /* ParentsHealthUITests.swift */; };
/* End PBXBuildFile section */

/* Begin PBXContainerItemProxy section */
		6E36CA9FF2804C7B87FC65C1 /* PBXContainerItemProxy */ = {isa = PBXContainerItemProxy; containerPortal = F0BBB7A462654C179260C77A /* Project object */; proxyType = 1; remoteGlobalIDString = 0F92A527953A4BC5B5633FDF; remoteInfo = ParentsHealth; };
		46EBD48179704CECA02BE38F /* PBXContainerItemProxy */ = {isa = PBXContainerItemProxy; containerPortal = F0BBB7A462654C179260C77A /* Project object */; proxyType = 1; remoteGlobalIDString = 0F92A527953A4BC5B5633FDF; remoteInfo = ParentsHealth; };
/* End PBXContainerItemProxy section */

/* Begin PBXFileReference section */
		F036091C845A45828662B76D /* ParentsHealthApp.swift */ = {isa = PBXFileReference; lastKnownFileType = sourcecode.swift; path = ParentsHealthApp.swift; sourceTree = "<group>"; };
		33C9DEC87A674CE7BA975F57 /* AppDelegate.swift */ = {isa = PBXFileReference; lastKnownFileType = sourcecode.swift; path = AppDelegate.swift; sourceTree = "<group>"; };
		70101307AE6B4FF7B124C846 /* MetricType.swift */ = {isa = PBXFileReference; lastKnownFileType = sourcecode.swift; path = MetricType.swift; sourceTree = "<group>"; };
		6FCD9519FB2042C5A4113B9B /* ParentProfile.swift */ = {isa = PBXFileReference; lastKnownFileType = sourcecode.swift; path = ParentProfile.swift; sourceTree = "<group>"; };
		02065A190AA9476F98356314 /* HealthMetric.swift */ = {isa = PBXFileReference; lastKnownFileType = sourcecode.swift; path = HealthMetric.swift; sourceTree = "<group>"; };
		8773A923426D4D11A7C43FDC /* Medication.swift */ = {isa = PBXFileReference; lastKnownFileType = sourcecode.swift; path = Medication.swift; sourceTree = "<group>"; };
		4F44780FC3074F8D9E44453D /* MedicationFrequency.swift */ = {isa = PBXFileReference; lastKnownFileType = sourcecode.swift; path = MedicationFrequency.swift; sourceTree = "<group>"; };
		1B51741D159E4CBEB6729540 /* LabReport.swift */ = {isa = PBXFileReference; lastKnownFileType = sourcecode.swift; path = LabReport.swift; sourceTree = "<group>"; };
		12F133C9B20E45538B219718 /* LabTestKey.swift */ = {isa = PBXFileReference; lastKnownFileType = sourcecode.swift; path = LabTestKey.swift; sourceTree = "<group>"; };
		BFE7F20DB2464E1ABDFA4232 /* HealthAlert.swift */ = {isa = PBXFileReference; lastKnownFileType = sourcecode.swift; path = HealthAlert.swift; sourceTree = "<group>"; };
		F75F106E2C2A44C18378F46C /* CareProvider.swift */ = {isa = PBXFileReference; lastKnownFileType = sourcecode.swift; path = CareProvider.swift; sourceTree = "<group>"; };
		73B662A3A05748A6ABC11BAC /* Appointment.swift */ = {isa = PBXFileReference; lastKnownFileType = sourcecode.swift; path = Appointment.swift; sourceTree = "<group>"; };
		A610D05CA6284CE7941209EE /* AppTheme.swift */ = {isa = PBXFileReference; lastKnownFileType = sourcecode.swift; path = AppTheme.swift; sourceTree = "<group>"; };
		473C1CBB0979488FA3B43DA8 /* LiquidGlassComponents.swift */ = {isa = PBXFileReference; lastKnownFileType = sourcecode.swift; path = LiquidGlassComponents.swift; sourceTree = "<group>"; };
		80A2958618BD46DB95989FCE /* SharedComponents.swift */ = {isa = PBXFileReference; lastKnownFileType = sourcecode.swift; path = SharedComponents.swift; sourceTree = "<group>"; };
		86992D8DE7BC40CEA035B3CC /* MainTabView.swift */ = {isa = PBXFileReference; lastKnownFileType = sourcecode.swift; path = MainTabView.swift; sourceTree = "<group>"; };
		908DE034FF3E417A8EAAABCE /* DashboardView.swift */ = {isa = PBXFileReference; lastKnownFileType = sourcecode.swift; path = DashboardView.swift; sourceTree = "<group>"; };
		3675F307D6E249BC8A91214F /* HealthAlertsView.swift */ = {isa = PBXFileReference; lastKnownFileType = sourcecode.swift; path = HealthAlertsView.swift; sourceTree = "<group>"; };
		FE9E4437172449639408F6D5 /* ParentsListView.swift */ = {isa = PBXFileReference; lastKnownFileType = sourcecode.swift; path = ParentsListView.swift; sourceTree = "<group>"; };
		975ECB7797854A0EB157E55E /* ParentDetailView.swift */ = {isa = PBXFileReference; lastKnownFileType = sourcecode.swift; path = ParentDetailView.swift; sourceTree = "<group>"; };
		42B6749506064A1687A1807C /* ParentFormView.swift */ = {isa = PBXFileReference; lastKnownFileType = sourcecode.swift; path = ParentFormView.swift; sourceTree = "<group>"; };
		60E9B4827D094760A4A699C1 /* CareProvidersView.swift */ = {isa = PBXFileReference; lastKnownFileType = sourcecode.swift; path = CareProvidersView.swift; sourceTree = "<group>"; };
		AAF13A3BE6174316A41551A6 /* AddCareProviderView.swift */ = {isa = PBXFileReference; lastKnownFileType = sourcecode.swift; path = AddCareProviderView.swift; sourceTree = "<group>"; };
		352E7A400FAF4BFEA8FAA696 /* AddAppointmentView.swift */ = {isa = PBXFileReference; lastKnownFileType = sourcecode.swift; path = AddAppointmentView.swift; sourceTree = "<group>"; };
		6263420622AA4AA5B4FBDEAB /* ChartsView.swift */ = {isa = PBXFileReference; lastKnownFileType = sourcecode.swift; path = ChartsView.swift; sourceTree = "<group>"; };
		A7226D320C2B4AB782AD2DE8 /* MedicationsView.swift */ = {isa = PBXFileReference; lastKnownFileType = sourcecode.swift; path = MedicationsView.swift; sourceTree = "<group>"; };
		B7B2ADE33A634C77AAAE6CC9 /* AddMedicationView.swift */ = {isa = PBXFileReference; lastKnownFileType = sourcecode.swift; path = AddMedicationView.swift; sourceTree = "<group>"; };
		FE6ABF9DC5DA4A3398EE4C50 /* QuickLogView.swift */ = {isa = PBXFileReference; lastKnownFileType = sourcecode.swift; path = QuickLogView.swift; sourceTree = "<group>"; };
		EA90FEE42DCE4EBB9D709F85 /* LabReportsView.swift */ = {isa = PBXFileReference; lastKnownFileType = sourcecode.swift; path = LabReportsView.swift; sourceTree = "<group>"; };
		A5610ECB4AEF48B189D056F2 /* LabReportDetailView.swift */ = {isa = PBXFileReference; lastKnownFileType = sourcecode.swift; path = LabReportDetailView.swift; sourceTree = "<group>"; };
		EE9CF1B0D338496C91C54E01 /* ImportLabReportView.swift */ = {isa = PBXFileReference; lastKnownFileType = sourcecode.swift; path = ImportLabReportView.swift; sourceTree = "<group>"; };
		17E2E7B9AAFD4F12BC584978 /* SettingsView.swift */ = {isa = PBXFileReference; lastKnownFileType = sourcecode.swift; path = SettingsView.swift; sourceTree = "<group>"; };
		AB2BDBD37D114BE2B9023D78 /* SampleData.swift */ = {isa = PBXFileReference; lastKnownFileType = sourcecode.swift; path = SampleData.swift; sourceTree = "<group>"; };
		6D9CF6DA0D26433E928C0DD9 /* HealthScoreCalculator.swift */ = {isa = PBXFileReference; lastKnownFileType = sourcecode.swift; path = HealthScoreCalculator.swift; sourceTree = "<group>"; };
		A55878AE86BD4CC5AC2E2B65 /* MedicationAdherenceCalculator.swift */ = {isa = PBXFileReference; lastKnownFileType = sourcecode.swift; path = MedicationAdherenceCalculator.swift; sourceTree = "<group>"; };
		B55A4D9FC839431394CBA528 /* LabReportParser.swift */ = {isa = PBXFileReference; lastKnownFileType = sourcecode.swift; path = LabReportParser.swift; sourceTree = "<group>"; };
		6A85B13804D94D609AB18285 /* LabReportOCRService.swift */ = {isa = PBXFileReference; lastKnownFileType = sourcecode.swift; path = LabReportOCRService.swift; sourceTree = "<group>"; };
		20139BE2128648F09E7AF461 /* MedicationOCRService.swift */ = {isa = PBXFileReference; lastKnownFileType = sourcecode.swift; path = MedicationOCRService.swift; sourceTree = "<group>"; };
		F10A5A9268FB4DD7AB7103CF /* NotificationService.swift */ = {isa = PBXFileReference; lastKnownFileType = sourcecode.swift; path = NotificationService.swift; sourceTree = "<group>"; };
		D6009BA0C109408C9511D23C /* HealthKitService.swift */ = {isa = PBXFileReference; lastKnownFileType = sourcecode.swift; path = HealthKitService.swift; sourceTree = "<group>"; };
		97BDDF75A77A4961B57CAD06 /* ReportExportService.swift */ = {isa = PBXFileReference; lastKnownFileType = sourcecode.swift; path = ReportExportService.swift; sourceTree = "<group>"; };
		1A45EB9E11704C5D9F0CB0C4 /* AppSettings.swift */ = {isa = PBXFileReference; lastKnownFileType = sourcecode.swift; path = AppSettings.swift; sourceTree = "<group>"; };
		601E9F92727D42E8BFBE5A0E /* LabTrendService.swift */ = {isa = PBXFileReference; lastKnownFileType = sourcecode.swift; path = LabTrendService.swift; sourceTree = "<group>"; };
		E8E593F41E4D4B05940742EF /* HealthAlertService.swift */ = {isa = PBXFileReference; lastKnownFileType = sourcecode.swift; path = HealthAlertService.swift; sourceTree = "<group>"; };
		224B0C273BA5413FA038D279 /* LabAnalysisService.swift */ = {isa = PBXFileReference; lastKnownFileType = sourcecode.swift; path = LabAnalysisService.swift; sourceTree = "<group>"; };
		8EF5AFD90D2A4C53B07CD3A4 /* LabReportRepository.swift */ = {isa = PBXFileReference; lastKnownFileType = sourcecode.swift; path = LabReportRepository.swift; sourceTree = "<group>"; };
		FEF77E6C5CE340D8854BA56A /* SelectedParentStore.swift */ = {isa = PBXFileReference; lastKnownFileType = sourcecode.swift; path = SelectedParentStore.swift; sourceTree = "<group>"; };
		732FD10C161B48A8A8C55118 /* FeedbackService.swift */ = {isa = PBXFileReference; lastKnownFileType = sourcecode.swift; path = FeedbackService.swift; sourceTree = "<group>"; };
		D4FC1D80F49845FEA752A96C /* AppNavigationStore.swift */ = {isa = PBXFileReference; lastKnownFileType = sourcecode.swift; path = AppNavigationStore.swift; sourceTree = "<group>"; };
		EC8D04708CFB40CA9A3C35E3 /* Assets.xcassets */ = {isa = PBXFileReference; lastKnownFileType = folder.assetcatalog; path = Assets.xcassets; sourceTree = "<group>"; };
		A8ADFF45F11A4F3881F429CD /* Info.plist */ = {isa = PBXFileReference; lastKnownFileType = text.plist.xml; path = Info.plist; sourceTree = "<group>"; };
		D3672EAE17F84A33ACDC6312 /* ParentsHealth.entitlements */ = {isa = PBXFileReference; lastKnownFileType = text.plist.entitlements; path = ParentsHealth.entitlements; sourceTree = "<group>"; };
		9F41E1C43BD84D2EA91F6949 /* ParentsHealth.app */ = {isa = PBXFileReference; explicitFileType = wrapper.application; includeInIndex = 0; path = ParentsHealth.app; sourceTree = BUILT_PRODUCTS_DIR; };
		5DB7832522FE41ACBFD3B0E8 /* HealthScoreCalculatorTests.swift */ = {isa = PBXFileReference; lastKnownFileType = sourcecode.swift; path = HealthScoreCalculatorTests.swift; sourceTree = "<group>"; };
		6DC7D327D9404D9D8CEE6D6E /* LabReportParserTests.swift */ = {isa = PBXFileReference; lastKnownFileType = sourcecode.swift; path = LabReportParserTests.swift; sourceTree = "<group>"; };
		22D532AD56C04B7998E689DC /* MetricTypeTests.swift */ = {isa = PBXFileReference; lastKnownFileType = sourcecode.swift; path = MetricTypeTests.swift; sourceTree = "<group>"; };
		6B37048DA38B4B9096CEB751 /* MedicationAdherenceTests.swift */ = {isa = PBXFileReference; lastKnownFileType = sourcecode.swift; path = MedicationAdherenceTests.swift; sourceTree = "<group>"; };
		FBB087976E094AA9B2D4B2B5 /* MedicationScheduleTests.swift */ = {isa = PBXFileReference; lastKnownFileType = sourcecode.swift; path = MedicationScheduleTests.swift; sourceTree = "<group>"; };
		F949D3F9F1834E3AA4298CA4 /* MedicationOCRServiceTests.swift */ = {isa = PBXFileReference; lastKnownFileType = sourcecode.swift; path = MedicationOCRServiceTests.swift; sourceTree = "<group>"; };
		A26E9F4873CC46F38DB3F630 /* ReportExportServiceTests.swift */ = {isa = PBXFileReference; lastKnownFileType = sourcecode.swift; path = ReportExportServiceTests.swift; sourceTree = "<group>"; };
		F64428AD8077480F82AB6762 /* LabTrendServiceTests.swift */ = {isa = PBXFileReference; lastKnownFileType = sourcecode.swift; path = LabTrendServiceTests.swift; sourceTree = "<group>"; };
		BD247A9DC43345C3A64515C9 /* LabAnalysisServiceTests.swift */ = {isa = PBXFileReference; lastKnownFileType = sourcecode.swift; path = LabAnalysisServiceTests.swift; sourceTree = "<group>"; };
		7ABAAD4822244C61B297E54D /* HealthAlertServiceTests.swift */ = {isa = PBXFileReference; lastKnownFileType = sourcecode.swift; path = HealthAlertServiceTests.swift; sourceTree = "<group>"; };
		A2F3A9FF1B8147D3906913C0 /* ParentsHealthTests.xctest */ = {isa = PBXFileReference; explicitFileType = wrapper.cfbundle; includeInIndex = 0; path = ParentsHealthTests.xctest; sourceTree = BUILT_PRODUCTS_DIR; };
		35DDB1388D4B4E399FC223FC /* ParentsHealthUITests.swift */ = {isa = PBXFileReference; lastKnownFileType = sourcecode.swift; path = ParentsHealthUITests.swift; sourceTree = "<group>"; };
		7061FD9280E6473CA0138F13 /* ParentsHealthUITests.xctest */ = {isa = PBXFileReference; explicitFileType = wrapper.cfbundle; includeInIndex = 0; path = ParentsHealthUITests.xctest; sourceTree = BUILT_PRODUCTS_DIR; };
/* End PBXFileReference section */

/* Begin PBXFrameworksBuildPhase section */
		62CC1E69E0644ECC84BF2717 /* Frameworks */ = {isa = PBXFrameworksBuildPhase; buildActionMask = 2147483647; files = (); runOnlyForDeploymentPostprocessing = 0; };

		F92BA28C678A4A0D8EFA6521 /* Frameworks */ = {isa = PBXFrameworksBuildPhase; buildActionMask = 2147483647; files = (); runOnlyForDeploymentPostprocessing = 0; };

		B25CEEE881D64B1392DCE96A /* Frameworks */ = {isa = PBXFrameworksBuildPhase; buildActionMask = 2147483647; files = (); runOnlyForDeploymentPostprocessing = 0; };
/* End PBXFrameworksBuildPhase section */

/* Begin PBXGroup section */
		808B1DA15DAD4D0082F1D0C0 = {isa = PBXGroup; children = (674479C568F7415795DE2E5C /* ParentsHealth */, AB3FB4CA9196430FBCBAC3C0 /* ParentsHealthTests */, 968872FF4E3D4DA69FE03B64 /* ParentsHealthUITests */, 3F33BE277B2A4AA9ACDCE506 /* Products */); sourceTree = "<group>"; };
		3F33BE277B2A4AA9ACDCE506 = {isa = PBXGroup; children = (9F41E1C43BD84D2EA91F6949 /* ParentsHealth.app */, A2F3A9FF1B8147D3906913C0 /* ParentsHealthTests.xctest */, 7061FD9280E6473CA0138F13 /* ParentsHealthUITests.xctest */); name = Products; sourceTree = "<group>"; };
		674479C568F7415795DE2E5C = {isa = PBXGroup; children = (A18ADA9DD6D0446684236371 /* App */, 12916F05B65044F2BD4648E7 /* Models */, AF6575EA8FAB4AD6BAE059C9 /* Design */, 8DF6386A17DE4AE499E0478E /* Views */, 070A145A8E114C18BE8FB13A /* Services */, EC8D04708CFB40CA9A3C35E3 /* Assets.xcassets */, A8ADFF45F11A4F3881F429CD /* Info.plist */, D3672EAE17F84A33ACDC6312 /* ParentsHealth.entitlements */); path = ParentsHealth; sourceTree = "<group>"; };
		8DF6386A17DE4AE499E0478E = {isa = PBXGroup; children = (86992D8DE7BC40CEA035B3CC /* MainTabView.swift */, 1B3FBC275EB24B9384E4542A /* Dashboard */, DC9D90BA475D4C22A649B98C /* Alerts */, 0D8E37A1C1474D998905E14A /* Parents */, 6F7092EA572748928F0A604F /* Care */, EFA176818DDC48559323FD2E /* Charts */, C20581B71DA9464CAAC18189 /* Medications */, D70D7DF5236D4F8B9EA0219B /* Log */, DC8B5239FD194A72AD904D81 /* Labs */, FC6E43038D0A4E28889C6B26 /* Settings */); path = Views; sourceTree = "<group>"; };
		A18ADA9DD6D0446684236371 = {isa = PBXGroup; children = (F036091C845A45828662B76D /* ParentsHealthApp.swift */, 33C9DEC87A674CE7BA975F57 /* AppDelegate.swift */); path = App; sourceTree = "<group>"; };
		12916F05B65044F2BD4648E7 = {isa = PBXGroup; children = (70101307AE6B4FF7B124C846 /* MetricType.swift */, 6FCD9519FB2042C5A4113B9B /* ParentProfile.swift */, 02065A190AA9476F98356314 /* HealthMetric.swift */, 8773A923426D4D11A7C43FDC /* Medication.swift */, 4F44780FC3074F8D9E44453D /* MedicationFrequency.swift */, 1B51741D159E4CBEB6729540 /* LabReport.swift */, 12F133C9B20E45538B219718 /* LabTestKey.swift */, BFE7F20DB2464E1ABDFA4232 /* HealthAlert.swift */, F75F106E2C2A44C18378F46C /* CareProvider.swift */, 73B662A3A05748A6ABC11BAC /* Appointment.swift */); path = Models; sourceTree = "<group>"; };
		AF6575EA8FAB4AD6BAE059C9 = {isa = PBXGroup; children = (A610D05CA6284CE7941209EE /* AppTheme.swift */, 473C1CBB0979488FA3B43DA8 /* LiquidGlassComponents.swift */, 80A2958618BD46DB95989FCE /* SharedComponents.swift */); path = Design; sourceTree = "<group>"; };
		070A145A8E114C18BE8FB13A = {isa = PBXGroup; children = (AB2BDBD37D114BE2B9023D78 /* SampleData.swift */, 6D9CF6DA0D26433E928C0DD9 /* HealthScoreCalculator.swift */, A55878AE86BD4CC5AC2E2B65 /* MedicationAdherenceCalculator.swift */, B55A4D9FC839431394CBA528 /* LabReportParser.swift */, 6A85B13804D94D609AB18285 /* LabReportOCRService.swift */, 20139BE2128648F09E7AF461 /* MedicationOCRService.swift */, F10A5A9268FB4DD7AB7103CF /* NotificationService.swift */, D6009BA0C109408C9511D23C /* HealthKitService.swift */, 97BDDF75A77A4961B57CAD06 /* ReportExportService.swift */, 1A45EB9E11704C5D9F0CB0C4 /* AppSettings.swift */, 601E9F92727D42E8BFBE5A0E /* LabTrendService.swift */, E8E593F41E4D4B05940742EF /* HealthAlertService.swift */, 224B0C273BA5413FA038D279 /* LabAnalysisService.swift */, 8EF5AFD90D2A4C53B07CD3A4 /* LabReportRepository.swift */, FEF77E6C5CE340D8854BA56A /* SelectedParentStore.swift */, 732FD10C161B48A8A8C55118 /* FeedbackService.swift */, D4FC1D80F49845FEA752A96C /* AppNavigationStore.swift */); path = Services; sourceTree = "<group>"; };
		1B3FBC275EB24B9384E4542A = {isa = PBXGroup; children = (908DE034FF3E417A8EAAABCE /* DashboardView.swift */); path = Dashboard; sourceTree = "<group>"; };
		DC9D90BA475D4C22A649B98C = {isa = PBXGroup; children = (3675F307D6E249BC8A91214F /* HealthAlertsView.swift */); path = Alerts; sourceTree = "<group>"; };
		0D8E37A1C1474D998905E14A = {isa = PBXGroup; children = (FE9E4437172449639408F6D5 /* ParentsListView.swift */, 975ECB7797854A0EB157E55E /* ParentDetailView.swift */, 42B6749506064A1687A1807C /* ParentFormView.swift */); path = Parents; sourceTree = "<group>"; };
		6F7092EA572748928F0A604F = {isa = PBXGroup; children = (60E9B4827D094760A4A699C1 /* CareProvidersView.swift */, AAF13A3BE6174316A41551A6 /* AddCareProviderView.swift */, 352E7A400FAF4BFEA8FAA696 /* AddAppointmentView.swift */); path = Care; sourceTree = "<group>"; };
		EFA176818DDC48559323FD2E = {isa = PBXGroup; children = (6263420622AA4AA5B4FBDEAB /* ChartsView.swift */); path = Charts; sourceTree = "<group>"; };
		C20581B71DA9464CAAC18189 = {isa = PBXGroup; children = (A7226D320C2B4AB782AD2DE8 /* MedicationsView.swift */, B7B2ADE33A634C77AAAE6CC9 /* AddMedicationView.swift */); path = Medications; sourceTree = "<group>"; };
		D70D7DF5236D4F8B9EA0219B = {isa = PBXGroup; children = (FE6ABF9DC5DA4A3398EE4C50 /* QuickLogView.swift */); path = Log; sourceTree = "<group>"; };
		DC8B5239FD194A72AD904D81 = {isa = PBXGroup; children = (EA90FEE42DCE4EBB9D709F85 /* LabReportsView.swift */, A5610ECB4AEF48B189D056F2 /* LabReportDetailView.swift */, EE9CF1B0D338496C91C54E01 /* ImportLabReportView.swift */); path = Labs; sourceTree = "<group>"; };
		FC6E43038D0A4E28889C6B26 = {isa = PBXGroup; children = (17E2E7B9AAFD4F12BC584978 /* SettingsView.swift */); path = Settings; sourceTree = "<group>"; };
		AB3FB4CA9196430FBCBAC3C0 = {isa = PBXGroup; children = (5DB7832522FE41ACBFD3B0E8 /* HealthScoreCalculatorTests.swift */, 6DC7D327D9404D9D8CEE6D6E /* LabReportParserTests.swift */, 22D532AD56C04B7998E689DC /* MetricTypeTests.swift */, 6B37048DA38B4B9096CEB751 /* MedicationAdherenceTests.swift */, FBB087976E094AA9B2D4B2B5 /* MedicationScheduleTests.swift */, F949D3F9F1834E3AA4298CA4 /* MedicationOCRServiceTests.swift */, A26E9F4873CC46F38DB3F630 /* ReportExportServiceTests.swift */, F64428AD8077480F82AB6762 /* LabTrendServiceTests.swift */, BD247A9DC43345C3A64515C9 /* LabAnalysisServiceTests.swift */, 7ABAAD4822244C61B297E54D /* HealthAlertServiceTests.swift */); path = ParentsHealthTests; sourceTree = "<group>"; };
		968872FF4E3D4DA69FE03B64 = {isa = PBXGroup; children = (35DDB1388D4B4E399FC223FC /* ParentsHealthUITests.swift */); path = ParentsHealthUITests; sourceTree = "<group>"; };
/* End PBXGroup section */

/* Begin PBXNativeTarget section */
		0F92A527953A4BC5B5633FDF /* ParentsHealth */ = {
			isa = PBXNativeTarget; buildConfigurationList = 2E72D3D931CC42648CFD55AC /* Build configuration list for PBXNativeTarget "ParentsHealth" */;
			buildPhases = (B2AE409E1B8949DA8592AB06 /* Sources */, 62CC1E69E0644ECC84BF2717 /* Frameworks */, 5CDFCF4919BB43DC82B659C5 /* Resources */);
			buildRules = ();
			dependencies = ();
			name = ParentsHealth; productName = ParentsHealth;
			productReference = 9F41E1C43BD84D2EA91F6949 /* ParentsHealth.app */; productType = "com.apple.product-type.application"; };
		C1718A413C7F49C08C940DBD /* ParentsHealthTests */ = {
			isa = PBXNativeTarget; buildConfigurationList = 9D03A3C1DA07422C91BCEFA2 /* Build configuration list for PBXNativeTarget "ParentsHealthTests" */;
			buildPhases = (61126CDA7DED456DA786A6EF /* Sources */, F92BA28C678A4A0D8EFA6521 /* Frameworks */);
			buildRules = ();
			dependencies = (E02656F9183C4A149991505F /* PBXTargetDependency */);
			name = ParentsHealthTests; productName = ParentsHealthTests;
			productReference = A2F3A9FF1B8147D3906913C0 /* ParentsHealthTests.xctest */; productType = "com.apple.product-type.bundle.unit-test"; };
		AC718CEC864C4C4FAF3DB4BE /* ParentsHealthUITests */ = {
			isa = PBXNativeTarget; buildConfigurationList = FDE8E73C95F241AA894CBCC9 /* Build configuration list for PBXNativeTarget "ParentsHealthUITests" */;
			buildPhases = (4A9C5F806A6947EFA0358709 /* Sources */, B25CEEE881D64B1392DCE96A /* Frameworks */);
			buildRules = ();
			dependencies = (1EC1DE9BCF6A43F9AC5D3DD8 /* PBXTargetDependency */);
			name = ParentsHealthUITests; productName = ParentsHealthUITests;
			productReference = 7061FD9280E6473CA0138F13 /* ParentsHealthUITests.xctest */; productType = "com.apple.product-type.bundle.ui-testing"; };
/* End PBXNativeTarget section */

/* Begin PBXProject section */
		F0BBB7A462654C179260C77A /* Project object */ = {isa = PBXProject; attributes = {BuildIndependentTargetsInParallel = 1; LastSwiftUpdateCheck = 1600; LastUpgradeCheck = 1600; TargetAttributes = {
				0F92A527953A4BC5B5633FDF = {CreatedOnToolsVersion = 16.0; };
				C1718A413C7F49C08C940DBD = {CreatedOnToolsVersion = 16.0; TestTargetID = 0F92A527953A4BC5B5633FDF; };
				AC718CEC864C4C4FAF3DB4BE = {CreatedOnToolsVersion = 16.0; TestTargetID = 0F92A527953A4BC5B5633FDF; };
			};}; buildConfigurationList = 28C055FE29B8419ABE0B06C9; compatibilityVersion = "Xcode 14.0"; developmentRegion = en; hasScannedForEncodings = 0; knownRegions = (en, Base); mainGroup = 808B1DA15DAD4D0082F1D0C0; productRefGroup = 3F33BE277B2A4AA9ACDCE506; projectDirPath = ""; projectRoot = ""; targets = (0F92A527953A4BC5B5633FDF, C1718A413C7F49C08C940DBD, AC718CEC864C4C4FAF3DB4BE); };
/* End PBXProject section */

/* Begin PBXResourcesBuildPhase section */
		5CDFCF4919BB43DC82B659C5 /* Resources */ = {isa = PBXResourcesBuildPhase; buildActionMask = 2147483647; files = (E20C16F48441483B8CFAFB96 /* Assets.xcassets in Resources */); runOnlyForDeploymentPostprocessing = 0; };
/* End PBXResourcesBuildPhase section */

/* Begin PBXSourcesBuildPhase section */
		B2AE409E1B8949DA8592AB06 /* Sources */ = {isa = PBXSourcesBuildPhase; buildActionMask = 2147483647; files = (
			46E0ECEEC9BB4631AD8C6D1C /* ParentsHealthApp.swift in Sources */,
			901DA8863DDE456DA6E8CB9A /* AppDelegate.swift in Sources */,
			C4AAB9D2663848E6B8FBF0F2 /* MetricType.swift in Sources */,
			6717A1E4FBDE4FECA1B0563C /* ParentProfile.swift in Sources */,
			DCBB375DC1414E6CA1EFB51F /* HealthMetric.swift in Sources */,
			8A7031BC47024BCC8B984501 /* Medication.swift in Sources */,
			B64DE340586A4CF3AE0E67C9 /* MedicationFrequency.swift in Sources */,
			EE268F34BC084F778FAE8E31 /* LabReport.swift in Sources */,
			BF7FBB6778F24AF28C7CAA61 /* LabTestKey.swift in Sources */,
			B5F42E1F1377416C9DF1997D /* HealthAlert.swift in Sources */,
			7C80B01F028B4A2B83CD875A /* CareProvider.swift in Sources */,
			F867794A0881447297CD93D5 /* Appointment.swift in Sources */,
			F6F930B9A6AC42F7A8C8BBDA /* AppTheme.swift in Sources */,
			F091777DB9A64B27B0B0470F /* LiquidGlassComponents.swift in Sources */,
			17703D7CED0B40EAA96A15E2 /* SharedComponents.swift in Sources */,
			BA82ABB219DC4CF3B44E11C1 /* MainTabView.swift in Sources */,
			0A5BDA96C4484B44ADD138BC /* DashboardView.swift in Sources */,
			6B8DC8D041C2406A8E8158B9 /* HealthAlertsView.swift in Sources */,
			79469A179B84434288DD6A3D /* ParentsListView.swift in Sources */,
			38A0F49970EB4BA598983F14 /* ParentDetailView.swift in Sources */,
			044977B7A8504C52AB26A254 /* ParentFormView.swift in Sources */,
			7FC33180133242AA986CB001 /* CareProvidersView.swift in Sources */,
			AADE03B0219C4E9382A987A2 /* AddCareProviderView.swift in Sources */,
			C15A998C6B904C5E8E73EE3C /* AddAppointmentView.swift in Sources */,
			76BEFE999FD8469787058639 /* ChartsView.swift in Sources */,
			C016869E278147DB897A26D8 /* MedicationsView.swift in Sources */,
			0E549F35F9164299921906CE /* AddMedicationView.swift in Sources */,
			26F594A676224FAA8A1D51F0 /* QuickLogView.swift in Sources */,
			026E43F7D5F34C5998B5BC24 /* LabReportsView.swift in Sources */,
			7999E4BEBA8349328E5BF94D /* LabReportDetailView.swift in Sources */,
			492C89041156412B80F26B11 /* ImportLabReportView.swift in Sources */,
			7B83DED20DB540FBA06E3313 /* SettingsView.swift in Sources */,
			E66FBC4EAE1D4566902DF076 /* SampleData.swift in Sources */,
			2825A528EF91441D952DC00C /* HealthScoreCalculator.swift in Sources */,
			0CC92F0556B141399E087667 /* MedicationAdherenceCalculator.swift in Sources */,
			0E8BCCAB8A784A8CB35BD522 /* LabReportParser.swift in Sources */,
			993C482F6BC4459F95C51AF5 /* LabReportOCRService.swift in Sources */,
			A294C6A2ECCD460EA74F9E09 /* MedicationOCRService.swift in Sources */,
			75FE4DDA99D449FEACE54521 /* NotificationService.swift in Sources */,
			EF126F3A92624F1695E9DD7D /* HealthKitService.swift in Sources */,
			4F471DD55BD84C3D87EFA78E /* ReportExportService.swift in Sources */,
			03BAB63B5411498E902843AB /* AppSettings.swift in Sources */,
			214779541D61424E973F2DDF /* LabTrendService.swift in Sources */,
			AA1422C0AD2749D49A04D7AD /* HealthAlertService.swift in Sources */,
			154A6CB379DB4AFA9A6027F3 /* LabAnalysisService.swift in Sources */,
			963E741404FA4C1586FD8CB7 /* LabReportRepository.swift in Sources */,
			7C90AAFB856546C991D33FF8 /* SelectedParentStore.swift in Sources */,
			87AC9695418643878671D6BE /* FeedbackService.swift in Sources */,
			DB3E62A206F74611AE8428D1 /* AppNavigationStore.swift in Sources */,
		); runOnlyForDeploymentPostprocessing = 0; };
		61126CDA7DED456DA786A6EF /* Sources */ = {isa = PBXSourcesBuildPhase; buildActionMask = 2147483647; files = (
			5E71C743AB37489CAA8F5FE8 /* HealthScoreCalculatorTests.swift in Sources */,
			2AFEA3C2769948DC9DDAB6C7 /* LabReportParserTests.swift in Sources */,
			0E5FB0117D8648808CFFCA96 /* MetricTypeTests.swift in Sources */,
			616FFB14FBB54793BEE14802 /* MedicationAdherenceTests.swift in Sources */,
			2E663DBDFDDA42C49EF2F1A1 /* MedicationScheduleTests.swift in Sources */,
			A1CD693CC4CA483EBEFAE0A0 /* MedicationOCRServiceTests.swift in Sources */,
			FCFB8CD73F674DF9A01FF9FC /* ReportExportServiceTests.swift in Sources */,
			A42EA3D1400947AE90FD1CAD /* LabTrendServiceTests.swift in Sources */,
			35E667DD1F69400497DDAF60 /* LabAnalysisServiceTests.swift in Sources */,
			F5F80C282681451BA5250B60 /* HealthAlertServiceTests.swift in Sources */,
		); runOnlyForDeploymentPostprocessing = 0; };
		4A9C5F806A6947EFA0358709 /* Sources */ = {isa = PBXSourcesBuildPhase; buildActionMask = 2147483647; files = (
			D1E859C134A94345ACC8D658 /* ParentsHealthUITests.swift in Sources */,
		); runOnlyForDeploymentPostprocessing = 0; };
/* End PBXSourcesBuildPhase section */

/* Begin PBXTargetDependency section */
		E02656F9183C4A149991505F = {isa = PBXTargetDependency; target = 0F92A527953A4BC5B5633FDF; targetProxy = 6E36CA9FF2804C7B87FC65C1; };
		1EC1DE9BCF6A43F9AC5D3DD8 = {isa = PBXTargetDependency; target = 0F92A527953A4BC5B5633FDF; targetProxy = 46EBD48179704CECA02BE38F; };
/* End PBXTargetDependency section */

/* Begin XCBuildConfiguration section */
		85A65CB194CD429EADE0F8E2 /* Debug */ = {isa = XCBuildConfiguration; buildSettings = {IPHONEOS_DEPLOYMENT_TARGET = 17.0; SDKROOT = iphoneos; ENABLE_TESTABILITY = YES;}; name = Debug; };
		89B1075D4AA14465ABC7B679 /* Release */ = {isa = XCBuildConfiguration; buildSettings = {IPHONEOS_DEPLOYMENT_TARGET = 17.0; SDKROOT = iphoneos; ENABLE_TESTABILITY = YES;}; name = Release; };
		E6C164E665F248C7A79ABABE /* Debug */ = {isa = XCBuildConfiguration; buildSettings = {PRODUCT_NAME = ParentsHealth; PRODUCT_BUNDLE_IDENTIFIER = com.widgetsflow.parentshealth; INFOPLIST_FILE = ParentsHealth/Info.plist; CODE_SIGN_ENTITLEMENTS = ParentsHealth/ParentsHealth.entitlements; SWIFT_VERSION = 5.0; TARGETED_DEVICE_FAMILY = "1,2";}; name = Debug; };
		61665AFD652742BD811959AB /* Release */ = {isa = XCBuildConfiguration; buildSettings = {PRODUCT_NAME = ParentsHealth; PRODUCT_BUNDLE_IDENTIFIER = com.widgetsflow.parentshealth; INFOPLIST_FILE = ParentsHealth/Info.plist; CODE_SIGN_ENTITLEMENTS = ParentsHealth/ParentsHealth.entitlements; SWIFT_VERSION = 5.0; TARGETED_DEVICE_FAMILY = "1,2";}; name = Release; };
		0CB061967DEF4182AA98CDD0 /* Debug */ = {isa = XCBuildConfiguration; buildSettings = {BUNDLE_LOADER = "$(TEST_HOST)"; TEST_HOST = "$(BUILT_PRODUCTS_DIR)/ParentsHealth.app/$(BUNDLE_EXECUTABLE_FOLDER_PATH)/ParentsHealth"; PRODUCT_NAME = ParentsHealthTests; PRODUCT_BUNDLE_IDENTIFIER = com.widgetsflow.parentshealth.tests; SWIFT_VERSION = 5.0; IPHONEOS_DEPLOYMENT_TARGET = 17.0; GENERATE_INFOPLIST_FILE = YES;}; name = Debug; };
		9A0CF6B993FF4AFC83F61F0B /* Release */ = {isa = XCBuildConfiguration; buildSettings = {BUNDLE_LOADER = "$(TEST_HOST)"; TEST_HOST = "$(BUILT_PRODUCTS_DIR)/ParentsHealth.app/$(BUNDLE_EXECUTABLE_FOLDER_PATH)/ParentsHealth"; PRODUCT_NAME = ParentsHealthTests; PRODUCT_BUNDLE_IDENTIFIER = com.widgetsflow.parentshealth.tests; SWIFT_VERSION = 5.0; IPHONEOS_DEPLOYMENT_TARGET = 17.0; GENERATE_INFOPLIST_FILE = YES;}; name = Release; };
		F8354935ABC744549DA73E85 /* Debug */ = {isa = XCBuildConfiguration; buildSettings = {TEST_TARGET_NAME = ParentsHealth; PRODUCT_NAME = ParentsHealthUITests; PRODUCT_BUNDLE_IDENTIFIER = com.widgetsflow.parentshealth.uitests; SWIFT_VERSION = 5.0; IPHONEOS_DEPLOYMENT_TARGET = 17.0; GENERATE_INFOPLIST_FILE = YES;}; name = Debug; };
		348650123E4748F898088124 /* Release */ = {isa = XCBuildConfiguration; buildSettings = {TEST_TARGET_NAME = ParentsHealth; PRODUCT_NAME = ParentsHealthUITests; PRODUCT_BUNDLE_IDENTIFIER = com.widgetsflow.parentshealth.uitests; SWIFT_VERSION = 5.0; IPHONEOS_DEPLOYMENT_TARGET = 17.0; GENERATE_INFOPLIST_FILE = YES;}; name = Release; };
/* End XCBuildConfiguration section */

/* Begin XCConfigurationList section */
		28C055FE29B8419ABE0B06C9 /* Build configuration list for PBXProject "ParentsHealth" */ = {isa = XCConfigurationList; buildConfigurations = (85A65CB194CD429EADE0F8E2 /* Debug */, 89B1075D4AA14465ABC7B679 /* Release */); defaultConfigurationIsVisible = 0; defaultConfigurationName = Release; };
		2E72D3D931CC42648CFD55AC /* Build configuration list for PBXNativeTarget "ParentsHealth" */ = {isa = XCConfigurationList; buildConfigurations = (E6C164E665F248C7A79ABABE /* Debug */, 61665AFD652742BD811959AB /* Release */); defaultConfigurationIsVisible = 0; defaultConfigurationName = Release; };
		9D03A3C1DA07422C91BCEFA2 /* Build configuration list for PBXNativeTarget "ParentsHealthTests" */ = {isa = XCConfigurationList; buildConfigurations = (0CB061967DEF4182AA98CDD0 /* Debug */, 9A0CF6B993FF4AFC83F61F0B /* Release */); defaultConfigurationIsVisible = 0; defaultConfigurationName = Release; };
		FDE8E73C95F241AA894CBCC9 /* Build configuration list for PBXNativeTarget "ParentsHealthUITests" */ = {isa = XCConfigurationList; buildConfigurations = (F8354935ABC744549DA73E85 /* Debug */, 348650123E4748F898088124 /* Release */); defaultConfigurationIsVisible = 0; defaultConfigurationName = Release; };
/* End XCConfigurationList section */
	};
	rootObject = F0BBB7A462654C179260C77A /* Project object */;
}
