// !$*UTF8*$!
{
	archiveVersion = 1;
	classes = {
	};
	objectVersion = 56;
	objects = {

/* Begin PBXBuildFile section */
		03662DFC58994050B4E80E43 /* SettingsView.swift in Sources */ = {isa = PBXBuildFile; fileRef = DB65FA37C0524E24ACD700CE /* SettingsView.swift */; };
		044D536887CE4DE396DCBA62 /* ParentsHealthApp.swift in Sources */ = {isa = PBXBuildFile; fileRef = 6555886C1F474CCBA1C0BC42 /* ParentsHealthApp.swift */; };
		05BC72773C314EC1BEF98EFC /* MetricTypeTests.swift in Sources */ = {isa = PBXBuildFile; fileRef = FB9CD50A148644B7A3DD6390 /* MetricTypeTests.swift */; };
		085CA3EFD18A41CBB1D1C880 /* HealthAlertServiceTests.swift in Sources */ = {isa = PBXBuildFile; fileRef = 624B9C2358C24FD997EC0E2C /* HealthAlertServiceTests.swift */; };
		0A37C54B9B15430E9CCF0F1B /* LiquidGlassComponents.swift in Sources */ = {isa = PBXBuildFile; fileRef = D1B7AD1B315B4548ACD7B5B5 /* LiquidGlassComponents.swift */; };
		11CA40CE7EBE41BD9270AA35 /* HealthKitService.swift in Sources */ = {isa = PBXBuildFile; fileRef = 6B0280A4B7694F399B1D80A3 /* HealthKitService.swift */; };
		11DFBC771A6B49178C19E4ED /* FeedbackService.swift in Sources */ = {isa = PBXBuildFile; fileRef = C50BD4FDB34043869FBE5E11 /* FeedbackService.swift */; };
		12292E619BCC445D8FC2E8BB /* LabReportParserTests.swift in Sources */ = {isa = PBXBuildFile; fileRef = F7748A9CBE5D41B6B865E0A6 /* LabReportParserTests.swift */; };
		161ED9C2CF434C5AA008BB1D /* AppDelegate.swift in Sources */ = {isa = PBXBuildFile; fileRef = 5DA8B8E26AC2458A8F69F992 /* AppDelegate.swift */; };
		181EEF0BDE49459CB02CB488 /* LabTestKey.swift in Sources */ = {isa = PBXBuildFile; fileRef = 40AB3C066D8B497A8025FE58 /* LabTestKey.swift */; };
		1BF5B362350E4CA2AF189BB6 /* LabAnalysisService.swift in Sources */ = {isa = PBXBuildFile; fileRef = A6ECC84B79414E678AF6045B /* LabAnalysisService.swift */; };
		2008B59B60A34099BB51C670 /* MetricType.swift in Sources */ = {isa = PBXBuildFile; fileRef = 6726BE3DBE984C02B5AEAA73 /* MetricType.swift */; };
		21FF96C45F2342B5AB31BCF7 /* LabTrendServiceTests.swift in Sources */ = {isa = PBXBuildFile; fileRef = 66D5EC3CD63943938410ED41 /* LabTrendServiceTests.swift */; };
		30C2D9946D73489AAD6E1681 /* ParentsHealthUITests.swift in Sources */ = {isa = PBXBuildFile; fileRef = DB8EE6ADC67247EE888BF287 /* ParentsHealthUITests.swift */; };
		3273BC16C8C54D93B7D6F023 /* MainTabView.swift in Sources */ = {isa = PBXBuildFile; fileRef = 06EFEBA9E14F4A58840B034F /* MainTabView.swift */; };
		34456C3447614DB4969A7FCD /* LabReportDetailView.swift in Sources */ = {isa = PBXBuildFile; fileRef = AB2FE9F44121461D99933FF8 /* LabReportDetailView.swift */; };
		3FB2C75354F44813936CF471 /* LabReportsView.swift in Sources */ = {isa = PBXBuildFile; fileRef = C2461E2C06EB4B29BC4D618E /* LabReportsView.swift */; };
		403C69C8DB4944278D6F822C /* ImportLabReportView.swift in Sources */ = {isa = PBXBuildFile; fileRef = FFEA023A0EDB446BBA03A988 /* ImportLabReportView.swift */; };
		6188BE0D43D0450B9F62EB59 /* MedicationsView.swift in Sources */ = {isa = PBXBuildFile; fileRef = 99A8D8691DB4477CA36923DB /* MedicationsView.swift */; };
		63776D7380CC4E86A0E7F153 /* ParentProfile.swift in Sources */ = {isa = PBXBuildFile; fileRef = 968FC45AB9504FCDAE3AE2C1 /* ParentProfile.swift */; };
		6857B7D98BC64860A4A0AC34 /* LabReportOCRService.swift in Sources */ = {isa = PBXBuildFile; fileRef = 0A898BC70AF048308FAA97C7 /* LabReportOCRService.swift */; };
		696B49C775CB46288821586A /* AppNavigationStore.swift in Sources */ = {isa = PBXBuildFile; fileRef = 4F0106B0E97A413685F1390B /* AppNavigationStore.swift */; };
		6D33D706EC944EE685EE54E2 /* AddMedicationView.swift in Sources */ = {isa = PBXBuildFile; fileRef = B48021DA02D94D049C782663 /* AddMedicationView.swift */; };
		6D60A8FFECAE4E8789243A81 /* SharedComponents.swift in Sources */ = {isa = PBXBuildFile; fileRef = B929CABF3D1042EF9089742D /* SharedComponents.swift */; };
		72FC48B0986F4A7D958D559C /* HealthAlertsView.swift in Sources */ = {isa = PBXBuildFile; fileRef = 6AE275E92A8144FABBDF4EEB /* HealthAlertsView.swift */; };
		731E94FA935F4332BC4B4330 /* ParentFormView.swift in Sources */ = {isa = PBXBuildFile; fileRef = 68B54D7D02F24A06B7F03159 /* ParentFormView.swift */; };
		73BEDFC8A7A44545B46B19A1 /* ParentsListView.swift in Sources */ = {isa = PBXBuildFile; fileRef = B1E47D07A89043AEBB0ACEDC /* ParentsListView.swift */; };
		75A4E7CB61B8495E84270CDC /* Medication.swift in Sources */ = {isa = PBXBuildFile; fileRef = E412DA618FF046EFAAF9AD13 /* Medication.swift */; };
		7A492FE981CB4D90B431339A /* HealthAlertService.swift in Sources */ = {isa = PBXBuildFile; fileRef = 1A3AA19311F046559C0949CD /* HealthAlertService.swift */; };
		7ADFD5872B554256AF6C3DC3 /* Assets.xcassets in Resources */ = {isa = PBXBuildFile; fileRef = 5AF7C8340CE440A399FAF778 /* Assets.xcassets */; };
		7EAB9E15ED4A4497B272578A /* ReportExportServiceTests.swift in Sources */ = {isa = PBXBuildFile; fileRef = 4AE3DF20CA8444F88E123FBA /* ReportExportServiceTests.swift */; };
		8977D92D4C32423DA224599F /* MedicationAdherenceTests.swift in Sources */ = {isa = PBXBuildFile; fileRef = C078FC2F7C744468A752EA82 /* MedicationAdherenceTests.swift */; };
		94A8780F377A4675B59872E3 /* LabTrendService.swift in Sources */ = {isa = PBXBuildFile; fileRef = B96457CD9BA1407ABB143B6F /* LabTrendService.swift */; };
		94EBAA83D3DC4C759511E2BC /* LabAnalysisServiceTests.swift in Sources */ = {isa = PBXBuildFile; fileRef = 3C7407A8AAA24BE790A5CB7F /* LabAnalysisServiceTests.swift */; };
		965F558E009F4FA791A00980 /* ChartsView.swift in Sources */ = {isa = PBXBuildFile; fileRef = AEEDDBAD0DCB4453869F58C2 /* ChartsView.swift */; };
		9CB1CA402EE74810A595C298 /* HealthMetric.swift in Sources */ = {isa = PBXBuildFile; fileRef = 97AEEE39D4154D2D83BC7F80 /* HealthMetric.swift */; };
		9EC78CF164D04F2C8C1187B3 /* AppSettings.swift in Sources */ = {isa = PBXBuildFile; fileRef = F1408137FAC642248C6B54DD /* AppSettings.swift */; };
		A08130C8EEC548F7A026C623 /* HealthScoreCalculator.swift in Sources */ = {isa = PBXBuildFile; fileRef = 86DF7681921942AE95DF2F6E /* HealthScoreCalculator.swift */; };
		A182E8C7A0B74EECA8C401C4 /* MedicationAdherenceCalculator.swift in Sources */ = {isa = PBXBuildFile; fileRef = 2092294939DA4EFCB307A7D2 /* MedicationAdherenceCalculator.swift */; };
		A308A37B035D4D7F9FCE4D2E /* LabReport.swift in Sources */ = {isa = PBXBuildFile; fileRef = FCDD0257271A4D029664AA80 /* LabReport.swift */; };
		A376592EECCF47DEA5DBFA40 /* SelectedParentStore.swift in Sources */ = {isa = PBXBuildFile; fileRef = 445AF3A542444E198135EAF4 /* SelectedParentStore.swift */; };
		A4A0663039F24807B0C3FC2B /* SampleData.swift in Sources */ = {isa = PBXBuildFile; fileRef = D42A45A8776B416C865089CD /* SampleData.swift */; };
		A6AC5F3ADB754ABA9E8586E1 /* NotificationService.swift in Sources */ = {isa = PBXBuildFile; fileRef = 128F7066F41945EEBE20ABB8 /* NotificationService.swift */; };
		B27935B26D254D07BE556E9D /* LabReportRepository.swift in Sources */ = {isa = PBXBuildFile; fileRef = 64576AAFA72946858CD2E1F5 /* LabReportRepository.swift */; };
		B9BC656B407843B6AC7E8B2A /* ReportExportService.swift in Sources */ = {isa = PBXBuildFile; fileRef = 582D1AE5374B4F54BB132747 /* ReportExportService.swift */; };
		C13346A1F53443F2BB888E27 /* LabReportParser.swift in Sources */ = {isa = PBXBuildFile; fileRef = 4BA8FC56AAF64833890D35D1 /* LabReportParser.swift */; };
		C2BE3DDE042F41BF815AFFF6 /* AppTheme.swift in Sources */ = {isa = PBXBuildFile; fileRef = BAEDBE6A21C44C5E907ADA86 /* AppTheme.swift */; };
		C70A47AE868A4FC4A225C0B1 /* HealthAlert.swift in Sources */ = {isa = PBXBuildFile; fileRef = BEAD6D03B3044C2FBE50A8BA /* HealthAlert.swift */; };
		D9162615212B471DA0DA6836 /* ParentDetailView.swift in Sources */ = {isa = PBXBuildFile; fileRef = AAAF3D7AA21343F79DCF567B /* ParentDetailView.swift */; };
		E2B4291CB4DF48E1836B5FDE /* HealthScoreCalculatorTests.swift in Sources */ = {isa = PBXBuildFile; fileRef = 03473C747D6E4ADEA25E7317 /* HealthScoreCalculatorTests.swift */; };
		E51DCEF3FA2C4B7AB16C991F /* QuickLogView.swift in Sources */ = {isa = PBXBuildFile; fileRef = E4FB03F1F4D74E309828982F /* QuickLogView.swift */; };
		E931B445FFF546BC9FE1FD4A /* DashboardView.swift in Sources */ = {isa = PBXBuildFile; fileRef = 31681A21343D4BBE8C010AAD /* DashboardView.swift */; };
/* End PBXBuildFile section */

/* Begin PBXContainerItemProxy section */
		2E4158486BEE43D68ACB44FE /* PBXContainerItemProxy */ = {
			isa = PBXContainerItemProxy;
			containerPortal = 34B4D26968304CF58D3DD99E /* Project object */;
			proxyType = 1;
			remoteGlobalIDString = 062AE23FEF8E462182C16F7E;
			remoteInfo = ParentsHealth;
		};
		6366317AE78343068B475DE8 /* PBXContainerItemProxy */ = {
			isa = PBXContainerItemProxy;
			containerPortal = 34B4D26968304CF58D3DD99E /* Project object */;
			proxyType = 1;
			remoteGlobalIDString = 062AE23FEF8E462182C16F7E;
			remoteInfo = ParentsHealth;
		};
/* End PBXContainerItemProxy section */

/* Begin PBXFileReference section */
		03473C747D6E4ADEA25E7317 /* HealthScoreCalculatorTests.swift */ = {isa = PBXFileReference; lastKnownFileType = sourcecode.swift; path = HealthScoreCalculatorTests.swift; sourceTree = "<group>"; };
		06EFEBA9E14F4A58840B034F /* MainTabView.swift */ = {isa = PBXFileReference; lastKnownFileType = sourcecode.swift; path = MainTabView.swift; sourceTree = "<group>"; };
		0A898BC70AF048308FAA97C7 /* LabReportOCRService.swift */ = {isa = PBXFileReference; lastKnownFileType = sourcecode.swift; path = LabReportOCRService.swift; sourceTree = "<group>"; };
		128F7066F41945EEBE20ABB8 /* NotificationService.swift */ = {isa = PBXFileReference; lastKnownFileType = sourcecode.swift; path = NotificationService.swift; sourceTree = "<group>"; };
		14FCFBD111424BCAAAFE02EC /* ParentsHealth.app */ = {isa = PBXFileReference; explicitFileType = wrapper.application; includeInIndex = 0; path = ParentsHealth.app; sourceTree = BUILT_PRODUCTS_DIR; };
		1A3AA19311F046559C0949CD /* HealthAlertService.swift */ = {isa = PBXFileReference; lastKnownFileType = sourcecode.swift; path = HealthAlertService.swift; sourceTree = "<group>"; };
		2092294939DA4EFCB307A7D2 /* MedicationAdherenceCalculator.swift */ = {isa = PBXFileReference; lastKnownFileType = sourcecode.swift; path = MedicationAdherenceCalculator.swift; sourceTree = "<group>"; };
		31681A21343D4BBE8C010AAD /* DashboardView.swift */ = {isa = PBXFileReference; lastKnownFileType = sourcecode.swift; path = DashboardView.swift; sourceTree = "<group>"; };
		3C7407A8AAA24BE790A5CB7F /* LabAnalysisServiceTests.swift */ = {isa = PBXFileReference; lastKnownFileType = sourcecode.swift; path = LabAnalysisServiceTests.swift; sourceTree = "<group>"; };
		3F963E2DBE034E73A10C18F8 /* Info.plist */ = {isa = PBXFileReference; lastKnownFileType = text.plist.xml; path = Info.plist; sourceTree = "<group>"; };
		40AB3C066D8B497A8025FE58 /* LabTestKey.swift */ = {isa = PBXFileReference; lastKnownFileType = sourcecode.swift; path = LabTestKey.swift; sourceTree = "<group>"; };
		445AF3A542444E198135EAF4 /* SelectedParentStore.swift */ = {isa = PBXFileReference; lastKnownFileType = sourcecode.swift; path = SelectedParentStore.swift; sourceTree = "<group>"; };
		48C9EC820E7C435CA738E76F /* ParentsHealth.entitlements */ = {isa = PBXFileReference; lastKnownFileType = text.plist.entitlements; path = ParentsHealth.entitlements; sourceTree = "<group>"; };
		4AE3DF20CA8444F88E123FBA /* ReportExportServiceTests.swift */ = {isa = PBXFileReference; lastKnownFileType = sourcecode.swift; path = ReportExportServiceTests.swift; sourceTree = "<group>"; };
		4BA8FC56AAF64833890D35D1 /* LabReportParser.swift */ = {isa = PBXFileReference; lastKnownFileType = sourcecode.swift; path = LabReportParser.swift; sourceTree = "<group>"; };
		4F0106B0E97A413685F1390B /* AppNavigationStore.swift */ = {isa = PBXFileReference; lastKnownFileType = sourcecode.swift; path = AppNavigationStore.swift; sourceTree = "<group>"; };
		582D1AE5374B4F54BB132747 /* ReportExportService.swift */ = {isa = PBXFileReference; lastKnownFileType = sourcecode.swift; path = ReportExportService.swift; sourceTree = "<group>"; };
		5AF7C8340CE440A399FAF778 /* Assets.xcassets */ = {isa = PBXFileReference; lastKnownFileType = folder.assetcatalog; path = Assets.xcassets; sourceTree = "<group>"; };
		5DA8B8E26AC2458A8F69F992 /* AppDelegate.swift */ = {isa = PBXFileReference; lastKnownFileType = sourcecode.swift; path = AppDelegate.swift; sourceTree = "<group>"; };
		624B9C2358C24FD997EC0E2C /* HealthAlertServiceTests.swift */ = {isa = PBXFileReference; lastKnownFileType = sourcecode.swift; path = HealthAlertServiceTests.swift; sourceTree = "<group>"; };
		64576AAFA72946858CD2E1F5 /* LabReportRepository.swift */ = {isa = PBXFileReference; lastKnownFileType = sourcecode.swift; path = LabReportRepository.swift; sourceTree = "<group>"; };
		6555886C1F474CCBA1C0BC42 /* ParentsHealthApp.swift */ = {isa = PBXFileReference; lastKnownFileType = sourcecode.swift; path = ParentsHealthApp.swift; sourceTree = "<group>"; };
		66D5EC3CD63943938410ED41 /* LabTrendServiceTests.swift */ = {isa = PBXFileReference; lastKnownFileType = sourcecode.swift; path = LabTrendServiceTests.swift; sourceTree = "<group>"; };
		6726BE3DBE984C02B5AEAA73 /* MetricType.swift */ = {isa = PBXFileReference; lastKnownFileType = sourcecode.swift; path = MetricType.swift; sourceTree = "<group>"; };
		68B54D7D02F24A06B7F03159 /* ParentFormView.swift */ = {isa = PBXFileReference; lastKnownFileType = sourcecode.swift; path = ParentFormView.swift; sourceTree = "<group>"; };
		6AE275E92A8144FABBDF4EEB /* HealthAlertsView.swift */ = {isa = PBXFileReference; lastKnownFileType = sourcecode.swift; path = HealthAlertsView.swift; sourceTree = "<group>"; };
		6B0280A4B7694F399B1D80A3 /* HealthKitService.swift */ = {isa = PBXFileReference; lastKnownFileType = sourcecode.swift; path = HealthKitService.swift; sourceTree = "<group>"; };
		86DF7681921942AE95DF2F6E /* HealthScoreCalculator.swift */ = {isa = PBXFileReference; lastKnownFileType = sourcecode.swift; path = HealthScoreCalculator.swift; sourceTree = "<group>"; };
		8AC05611C7764CAA90C4D5F1 /* ParentsHealthUITests.xctest */ = {isa = PBXFileReference; explicitFileType = wrapper.cfbundle; includeInIndex = 0; path = ParentsHealthUITests.xctest; sourceTree = BUILT_PRODUCTS_DIR; };
		8B1137D541AE4A01B1604DB2 /* ParentsHealthTests.xctest */ = {isa = PBXFileReference; explicitFileType = wrapper.cfbundle; includeInIndex = 0; path = ParentsHealthTests.xctest; sourceTree = BUILT_PRODUCTS_DIR; };
		968FC45AB9504FCDAE3AE2C1 /* ParentProfile.swift */ = {isa = PBXFileReference; lastKnownFileType = sourcecode.swift; path = ParentProfile.swift; sourceTree = "<group>"; };
		97AEEE39D4154D2D83BC7F80 /* HealthMetric.swift */ = {isa = PBXFileReference; lastKnownFileType = sourcecode.swift; path = HealthMetric.swift; sourceTree = "<group>"; };
		99A8D8691DB4477CA36923DB /* MedicationsView.swift */ = {isa = PBXFileReference; lastKnownFileType = sourcecode.swift; path = MedicationsView.swift; sourceTree = "<group>"; };
		A6ECC84B79414E678AF6045B /* LabAnalysisService.swift */ = {isa = PBXFileReference; lastKnownFileType = sourcecode.swift; path = LabAnalysisService.swift; sourceTree = "<group>"; };
		AAAF3D7AA21343F79DCF567B /* ParentDetailView.swift */ = {isa = PBXFileReference; lastKnownFileType = sourcecode.swift; path = ParentDetailView.swift; sourceTree = "<group>"; };
		AB2FE9F44121461D99933FF8 /* LabReportDetailView.swift */ = {isa = PBXFileReference; lastKnownFileType = sourcecode.swift; path = LabReportDetailView.swift; sourceTree = "<group>"; };
		AEEDDBAD0DCB4453869F58C2 /* ChartsView.swift */ = {isa = PBXFileReference; lastKnownFileType = sourcecode.swift; path = ChartsView.swift; sourceTree = "<group>"; };
		B1E47D07A89043AEBB0ACEDC /* ParentsListView.swift */ = {isa = PBXFileReference; lastKnownFileType = sourcecode.swift; path = ParentsListView.swift; sourceTree = "<group>"; };
		B48021DA02D94D049C782663 /* AddMedicationView.swift */ = {isa = PBXFileReference; lastKnownFileType = sourcecode.swift; path = AddMedicationView.swift; sourceTree = "<group>"; };
		B929CABF3D1042EF9089742D /* SharedComponents.swift */ = {isa = PBXFileReference; lastKnownFileType = sourcecode.swift; path = SharedComponents.swift; sourceTree = "<group>"; };
		B96457CD9BA1407ABB143B6F /* LabTrendService.swift */ = {isa = PBXFileReference; lastKnownFileType = sourcecode.swift; path = LabTrendService.swift; sourceTree = "<group>"; };
		BAEDBE6A21C44C5E907ADA86 /* AppTheme.swift */ = {isa = PBXFileReference; lastKnownFileType = sourcecode.swift; path = AppTheme.swift; sourceTree = "<group>"; };
		BEAD6D03B3044C2FBE50A8BA /* HealthAlert.swift */ = {isa = PBXFileReference; lastKnownFileType = sourcecode.swift; path = HealthAlert.swift; sourceTree = "<group>"; };
		C078FC2F7C744468A752EA82 /* MedicationAdherenceTests.swift */ = {isa = PBXFileReference; lastKnownFileType = sourcecode.swift; path = MedicationAdherenceTests.swift; sourceTree = "<group>"; };
		C2461E2C06EB4B29BC4D618E /* LabReportsView.swift */ = {isa = PBXFileReference; lastKnownFileType = sourcecode.swift; path = LabReportsView.swift; sourceTree = "<group>"; };
		C50BD4FDB34043869FBE5E11 /* FeedbackService.swift */ = {isa = PBXFileReference; lastKnownFileType = sourcecode.swift; path = FeedbackService.swift; sourceTree = "<group>"; };
		D1B7AD1B315B4548ACD7B5B5 /* LiquidGlassComponents.swift */ = {isa = PBXFileReference; lastKnownFileType = sourcecode.swift; path = LiquidGlassComponents.swift; sourceTree = "<group>"; };
		D42A45A8776B416C865089CD /* SampleData.swift */ = {isa = PBXFileReference; lastKnownFileType = sourcecode.swift; path = SampleData.swift; sourceTree = "<group>"; };
		DB65FA37C0524E24ACD700CE /* SettingsView.swift */ = {isa = PBXFileReference; lastKnownFileType = sourcecode.swift; path = SettingsView.swift; sourceTree = "<group>"; };
		DB8EE6ADC67247EE888BF287 /* ParentsHealthUITests.swift */ = {isa = PBXFileReference; lastKnownFileType = sourcecode.swift; path = ParentsHealthUITests.swift; sourceTree = "<group>"; };
		E412DA618FF046EFAAF9AD13 /* Medication.swift */ = {isa = PBXFileReference; lastKnownFileType = sourcecode.swift; path = Medication.swift; sourceTree = "<group>"; };
		E4FB03F1F4D74E309828982F /* QuickLogView.swift */ = {isa = PBXFileReference; lastKnownFileType = sourcecode.swift; path = QuickLogView.swift; sourceTree = "<group>"; };
		F1408137FAC642248C6B54DD /* AppSettings.swift */ = {isa = PBXFileReference; lastKnownFileType = sourcecode.swift; path = AppSettings.swift; sourceTree = "<group>"; };
		F7748A9CBE5D41B6B865E0A6 /* LabReportParserTests.swift */ = {isa = PBXFileReference; lastKnownFileType = sourcecode.swift; path = LabReportParserTests.swift; sourceTree = "<group>"; };
		FB9CD50A148644B7A3DD6390 /* MetricTypeTests.swift */ = {isa = PBXFileReference; lastKnownFileType = sourcecode.swift; path = MetricTypeTests.swift; sourceTree = "<group>"; };
		FCDD0257271A4D029664AA80 /* LabReport.swift */ = {isa = PBXFileReference; lastKnownFileType = sourcecode.swift; path = LabReport.swift; sourceTree = "<group>"; };
		FFEA023A0EDB446BBA03A988 /* ImportLabReportView.swift */ = {isa = PBXFileReference; lastKnownFileType = sourcecode.swift; path = ImportLabReportView.swift; sourceTree = "<group>"; };
/* End PBXFileReference section */

/* Begin PBXFrameworksBuildPhase section */
		3D9C30F74FBB4A9B9A254D22 /* Frameworks */ = {
			isa = PBXFrameworksBuildPhase;
			buildActionMask = 2147483647;
			files = (
			);
			runOnlyForDeploymentPostprocessing = 0;
		};
		AD9A49088A354854A0B0AB5A /* Frameworks */ = {
			isa = PBXFrameworksBuildPhase;
			buildActionMask = 2147483647;
			files = (
			);
			runOnlyForDeploymentPostprocessing = 0;
		};
		C04918A3ED1F466680A1F1F5 /* Frameworks */ = {
			isa = PBXFrameworksBuildPhase;
			buildActionMask = 2147483647;
			files = (
			);
			runOnlyForDeploymentPostprocessing = 0;
		};
/* End PBXFrameworksBuildPhase section */

/* Begin PBXGroup section */
		08DB69C03ED04D0982FD8544 /* Log */ = {
			isa = PBXGroup;
			children = (
				E4FB03F1F4D74E309828982F /* QuickLogView.swift */,
			);
			path = Log;
			sourceTree = "<group>";
		};
		1CBDDFA21B704639B58B6931 /* Models */ = {
			isa = PBXGroup;
			children = (
				6726BE3DBE984C02B5AEAA73 /* MetricType.swift */,
				968FC45AB9504FCDAE3AE2C1 /* ParentProfile.swift */,
				97AEEE39D4154D2D83BC7F80 /* HealthMetric.swift */,
				E412DA618FF046EFAAF9AD13 /* Medication.swift */,
				FCDD0257271A4D029664AA80 /* LabReport.swift */,
				40AB3C066D8B497A8025FE58 /* LabTestKey.swift */,
				BEAD6D03B3044C2FBE50A8BA /* HealthAlert.swift */,
			);
			path = Models;
			sourceTree = "<group>";
		};
		385ECDEE183643EF8FCCE5D4 /* Services */ = {
			isa = PBXGroup;
			children = (
				D42A45A8776B416C865089CD /* SampleData.swift */,
				86DF7681921942AE95DF2F6E /* HealthScoreCalculator.swift */,
				2092294939DA4EFCB307A7D2 /* MedicationAdherenceCalculator.swift */,
				4BA8FC56AAF64833890D35D1 /* LabReportParser.swift */,
				0A898BC70AF048308FAA97C7 /* LabReportOCRService.swift */,
				128F7066F41945EEBE20ABB8 /* NotificationService.swift */,
				6B0280A4B7694F399B1D80A3 /* HealthKitService.swift */,
				582D1AE5374B4F54BB132747 /* ReportExportService.swift */,
				F1408137FAC642248C6B54DD /* AppSettings.swift */,
				B96457CD9BA1407ABB143B6F /* LabTrendService.swift */,
				1A3AA19311F046559C0949CD /* HealthAlertService.swift */,
				A6ECC84B79414E678AF6045B /* LabAnalysisService.swift */,
				64576AAFA72946858CD2E1F5 /* LabReportRepository.swift */,
				445AF3A542444E198135EAF4 /* SelectedParentStore.swift */,
				C50BD4FDB34043869FBE5E11 /* FeedbackService.swift */,
				4F0106B0E97A413685F1390B /* AppNavigationStore.swift */,
			);
			path = Services;
			sourceTree = "<group>";
		};
		41B2F8786EAC463E833A84AB /* Labs */ = {
			isa = PBXGroup;
			children = (
				C2461E2C06EB4B29BC4D618E /* LabReportsView.swift */,
				AB2FE9F44121461D99933FF8 /* LabReportDetailView.swift */,
				FFEA023A0EDB446BBA03A988 /* ImportLabReportView.swift */,
			);
			path = Labs;
			sourceTree = "<group>";
		};
		59C3D9DD65C1409C93168D88 /* App */ = {
			isa = PBXGroup;
			children = (
				6555886C1F474CCBA1C0BC42 /* ParentsHealthApp.swift */,
				5DA8B8E26AC2458A8F69F992 /* AppDelegate.swift */,
			);
			path = App;
			sourceTree = "<group>";
		};
		5E2E15B318D24C498DD4216A /* ParentsHealth */ = {
			isa = PBXGroup;
			children = (
				59C3D9DD65C1409C93168D88 /* App */,
				1CBDDFA21B704639B58B6931 /* Models */,
				9DB2B739D93B466DA299D29B /* Design */,
				98F820262E2748CEA71A1F4E /* Views */,
				385ECDEE183643EF8FCCE5D4 /* Services */,
				5AF7C8340CE440A399FAF778 /* Assets.xcassets */,
				3F963E2DBE034E73A10C18F8 /* Info.plist */,
				48C9EC820E7C435CA738E76F /* ParentsHealth.entitlements */,
			);
			path = ParentsHealth;
			sourceTree = "<group>";
		};
		71BAF10FB1E748F6975C0ABC /* Parents */ = {
			isa = PBXGroup;
			children = (
				B1E47D07A89043AEBB0ACEDC /* ParentsListView.swift */,
				AAAF3D7AA21343F79DCF567B /* ParentDetailView.swift */,
				68B54D7D02F24A06B7F03159 /* ParentFormView.swift */,
			);
			path = Parents;
			sourceTree = "<group>";
		};
		73A98DEB25EF4DE4B3F7A7A5 = {
			isa = PBXGroup;
			children = (
				5E2E15B318D24C498DD4216A /* ParentsHealth */,
				AA3B5FD321D64CF6B6B2E3A5 /* ParentsHealthTests */,
				A53A581D22974C53B355D7D7 /* ParentsHealthUITests */,
				DE3DBAFAFE1941BDBC420A7A /* Products */,
			);
			sourceTree = "<group>";
		};
		7DE5A1DDE6EF4B2C98701FDD /* Dashboard */ = {
			isa = PBXGroup;
			children = (
				31681A21343D4BBE8C010AAD /* DashboardView.swift */,
			);
			path = Dashboard;
			sourceTree = "<group>";
		};
		7E2B3BFD27134A86B21A84A2 /* Settings */ = {
			isa = PBXGroup;
			children = (
				DB65FA37C0524E24ACD700CE /* SettingsView.swift */,
			);
			path = Settings;
			sourceTree = "<group>";
		};
		98F820262E2748CEA71A1F4E /* Views */ = {
			isa = PBXGroup;
			children = (
				06EFEBA9E14F4A58840B034F /* MainTabView.swift */,
				7DE5A1DDE6EF4B2C98701FDD /* Dashboard */,
				A2D3B1891DFA4ED1A9CB906C /* Alerts */,
				71BAF10FB1E748F6975C0ABC /* Parents */,
				D33AFE4C1619404B9331765A /* Charts */,
				F4F9269A924A473381CD7DEC /* Medications */,
				08DB69C03ED04D0982FD8544 /* Log */,
				41B2F8786EAC463E833A84AB /* Labs */,
				7E2B3BFD27134A86B21A84A2 /* Settings */,
			);
			path = Views;
			sourceTree = "<group>";
		};
		9DB2B739D93B466DA299D29B /* Design */ = {
			isa = PBXGroup;
			children = (
				BAEDBE6A21C44C5E907ADA86 /* AppTheme.swift */,
				D1B7AD1B315B4548ACD7B5B5 /* LiquidGlassComponents.swift */,
				B929CABF3D1042EF9089742D /* SharedComponents.swift */,
			);
			path = Design;
			sourceTree = "<group>";
		};
		A2D3B1891DFA4ED1A9CB906C /* Alerts */ = {
			isa = PBXGroup;
			children = (
				6AE275E92A8144FABBDF4EEB /* HealthAlertsView.swift */,
			);
			path = Alerts;
			sourceTree = "<group>";
		};
		A53A581D22974C53B355D7D7 /* ParentsHealthUITests */ = {
			isa = PBXGroup;
			children = (
				DB8EE6ADC67247EE888BF287 /* ParentsHealthUITests.swift */,
			);
			path = ParentsHealthUITests;
			sourceTree = "<group>";
		};
		AA3B5FD321D64CF6B6B2E3A5 /* ParentsHealthTests */ = {
			isa = PBXGroup;
			children = (
				03473C747D6E4ADEA25E7317 /* HealthScoreCalculatorTests.swift */,
				F7748A9CBE5D41B6B865E0A6 /* LabReportParserTests.swift */,
				FB9CD50A148644B7A3DD6390 /* MetricTypeTests.swift */,
				C078FC2F7C744468A752EA82 /* MedicationAdherenceTests.swift */,
				4AE3DF20CA8444F88E123FBA /* ReportExportServiceTests.swift */,
				66D5EC3CD63943938410ED41 /* LabTrendServiceTests.swift */,
				3C7407A8AAA24BE790A5CB7F /* LabAnalysisServiceTests.swift */,
				624B9C2358C24FD997EC0E2C /* HealthAlertServiceTests.swift */,
			);
			path = ParentsHealthTests;
			sourceTree = "<group>";
		};
		D33AFE4C1619404B9331765A /* Charts */ = {
			isa = PBXGroup;
			children = (
				AEEDDBAD0DCB4453869F58C2 /* ChartsView.swift */,
			);
			path = Charts;
			sourceTree = "<group>";
		};
		DE3DBAFAFE1941BDBC420A7A /* Products */ = {
			isa = PBXGroup;
			children = (
				14FCFBD111424BCAAAFE02EC /* ParentsHealth.app */,
				8B1137D541AE4A01B1604DB2 /* ParentsHealthTests.xctest */,
				8AC05611C7764CAA90C4D5F1 /* ParentsHealthUITests.xctest */,
			);
			name = Products;
			sourceTree = "<group>";
		};
		F4F9269A924A473381CD7DEC /* Medications */ = {
			isa = PBXGroup;
			children = (
				99A8D8691DB4477CA36923DB /* MedicationsView.swift */,
				B48021DA02D94D049C782663 /* AddMedicationView.swift */,
			);
			path = Medications;
			sourceTree = "<group>";
		};
/* End PBXGroup section */

/* Begin PBXNativeTarget section */
		062AE23FEF8E462182C16F7E /* ParentsHealth */ = {
			isa = PBXNativeTarget;
			buildConfigurationList = 7B2A225D45404F2BA572A535 /* Build configuration list for PBXNativeTarget "ParentsHealth" */;
			buildPhases = (
				CEDCF0F0240F4A8AAF6D3516 /* Sources */,
				AD9A49088A354854A0B0AB5A /* Frameworks */,
				DA02C19EBA6D4DE8BE441B5A /* Resources */,
			);
			buildRules = (
			);
			dependencies = (
			);
			name = ParentsHealth;
			productName = ParentsHealth;
			productReference = 14FCFBD111424BCAAAFE02EC /* ParentsHealth.app */;
			productType = "com.apple.product-type.application";
		};
		54463DC71624413EBDAFA77E /* ParentsHealthUITests */ = {
			isa = PBXNativeTarget;
			buildConfigurationList = DA431DBA6C4741A68E92FC88 /* Build configuration list for PBXNativeTarget "ParentsHealthUITests" */;
			buildPhases = (
				9D448C795069429381E25B30 /* Sources */,
				C04918A3ED1F466680A1F1F5 /* Frameworks */,
			);
			buildRules = (
			);
			dependencies = (
				69BEF007C0ED4D1581159CD9 /* PBXTargetDependency */,
			);
			name = ParentsHealthUITests;
			productName = ParentsHealthUITests;
			productReference = 8AC05611C7764CAA90C4D5F1 /* ParentsHealthUITests.xctest */;
			productType = "com.apple.product-type.bundle.ui-testing";
		};
		600B908ED00C43F7ACCC9BCC /* ParentsHealthTests */ = {
			isa = PBXNativeTarget;
			buildConfigurationList = 5F764E918CE84644A2B6858D /* Build configuration list for PBXNativeTarget "ParentsHealthTests" */;
			buildPhases = (
				0B6686A31909432C9DADF1EB /* Sources */,
				3D9C30F74FBB4A9B9A254D22 /* Frameworks */,
			);
			buildRules = (
			);
			dependencies = (
				FB58C82F1BF34DD181C69B84 /* PBXTargetDependency */,
			);
			name = ParentsHealthTests;
			productName = ParentsHealthTests;
			productReference = 8B1137D541AE4A01B1604DB2 /* ParentsHealthTests.xctest */;
			productType = "com.apple.product-type.bundle.unit-test";
		};
/* End PBXNativeTarget section */

/* Begin PBXProject section */
		34B4D26968304CF58D3DD99E /* Project object */ = {
			isa = PBXProject;
			attributes = {
				BuildIndependentTargetsInParallel = 1;
				LastSwiftUpdateCheck = 1600;
				LastUpgradeCheck = 1600;
				TargetAttributes = {
					062AE23FEF8E462182C16F7E = {
						CreatedOnToolsVersion = 16.0;
					};
					54463DC71624413EBDAFA77E = {
						CreatedOnToolsVersion = 16.0;
						TestTargetID = 062AE23FEF8E462182C16F7E;
					};
					600B908ED00C43F7ACCC9BCC = {
						CreatedOnToolsVersion = 16.0;
						TestTargetID = 062AE23FEF8E462182C16F7E;
					};
				};
			};
			buildConfigurationList = E87268454D34486A933A2687 /* Build configuration list for PBXProject "ParentsHealth" */;
			compatibilityVersion = "Xcode 14.0";
			developmentRegion = en;
			hasScannedForEncodings = 0;
			knownRegions = (
				en,
				Base,
			);
			mainGroup = 73A98DEB25EF4DE4B3F7A7A5;
			productRefGroup = DE3DBAFAFE1941BDBC420A7A /* Products */;
			projectDirPath = "";
			projectRoot = "";
			targets = (
				062AE23FEF8E462182C16F7E /* ParentsHealth */,
				600B908ED00C43F7ACCC9BCC /* ParentsHealthTests */,
				54463DC71624413EBDAFA77E /* ParentsHealthUITests */,
			);
		};
/* End PBXProject section */

/* Begin PBXResourcesBuildPhase section */
		DA02C19EBA6D4DE8BE441B5A /* Resources */ = {
			isa = PBXResourcesBuildPhase;
			buildActionMask = 2147483647;
			files = (
				7ADFD5872B554256AF6C3DC3 /* Assets.xcassets in Resources */,
			);
			runOnlyForDeploymentPostprocessing = 0;
		};
/* End PBXResourcesBuildPhase section */

/* Begin PBXSourcesBuildPhase section */
		0B6686A31909432C9DADF1EB /* Sources */ = {
			isa = PBXSourcesBuildPhase;
			buildActionMask = 2147483647;
			files = (
				E2B4291CB4DF48E1836B5FDE /* HealthScoreCalculatorTests.swift in Sources */,
				12292E619BCC445D8FC2E8BB /* LabReportParserTests.swift in Sources */,
				05BC72773C314EC1BEF98EFC /* MetricTypeTests.swift in Sources */,
				8977D92D4C32423DA224599F /* MedicationAdherenceTests.swift in Sources */,
				7EAB9E15ED4A4497B272578A /* ReportExportServiceTests.swift in Sources */,
				21FF96C45F2342B5AB31BCF7 /* LabTrendServiceTests.swift in Sources */,
				94EBAA83D3DC4C759511E2BC /* LabAnalysisServiceTests.swift in Sources */,
				085CA3EFD18A41CBB1D1C880 /* HealthAlertServiceTests.swift in Sources */,
			);
			runOnlyForDeploymentPostprocessing = 0;
		};
		9D448C795069429381E25B30 /* Sources */ = {
			isa = PBXSourcesBuildPhase;
			buildActionMask = 2147483647;
			files = (
				30C2D9946D73489AAD6E1681 /* ParentsHealthUITests.swift in Sources */,
			);
			runOnlyForDeploymentPostprocessing = 0;
		};
		CEDCF0F0240F4A8AAF6D3516 /* Sources */ = {
			isa = PBXSourcesBuildPhase;
			buildActionMask = 2147483647;
			files = (
				044D536887CE4DE396DCBA62 /* ParentsHealthApp.swift in Sources */,
				161ED9C2CF434C5AA008BB1D /* AppDelegate.swift in Sources */,
				2008B59B60A34099BB51C670 /* MetricType.swift in Sources */,
				63776D7380CC4E86A0E7F153 /* ParentProfile.swift in Sources */,
				9CB1CA402EE74810A595C298 /* HealthMetric.swift in Sources */,
				75A4E7CB61B8495E84270CDC /* Medication.swift in Sources */,
				A308A37B035D4D7F9FCE4D2E /* LabReport.swift in Sources */,
				181EEF0BDE49459CB02CB488 /* LabTestKey.swift in Sources */,
				C70A47AE868A4FC4A225C0B1 /* HealthAlert.swift in Sources */,
				C2BE3DDE042F41BF815AFFF6 /* AppTheme.swift in Sources */,
				0A37C54B9B15430E9CCF0F1B /* LiquidGlassComponents.swift in Sources */,
				6D60A8FFECAE4E8789243A81 /* SharedComponents.swift in Sources */,
				3273BC16C8C54D93B7D6F023 /* MainTabView.swift in Sources */,
				E931B445FFF546BC9FE1FD4A /* DashboardView.swift in Sources */,
				72FC48B0986F4A7D958D559C /* HealthAlertsView.swift in Sources */,
				73BEDFC8A7A44545B46B19A1 /* ParentsListView.swift in Sources */,
				D9162615212B471DA0DA6836 /* ParentDetailView.swift in Sources */,
				731E94FA935F4332BC4B4330 /* ParentFormView.swift in Sources */,
				965F558E009F4FA791A00980 /* ChartsView.swift in Sources */,
				6188BE0D43D0450B9F62EB59 /* MedicationsView.swift in Sources */,
				6D33D706EC944EE685EE54E2 /* AddMedicationView.swift in Sources */,
				E51DCEF3FA2C4B7AB16C991F /* QuickLogView.swift in Sources */,
				3FB2C75354F44813936CF471 /* LabReportsView.swift in Sources */,
				34456C3447614DB4969A7FCD /* LabReportDetailView.swift in Sources */,
				403C69C8DB4944278D6F822C /* ImportLabReportView.swift in Sources */,
				03662DFC58994050B4E80E43 /* SettingsView.swift in Sources */,
				A4A0663039F24807B0C3FC2B /* SampleData.swift in Sources */,
				A08130C8EEC548F7A026C623 /* HealthScoreCalculator.swift in Sources */,
				A182E8C7A0B74EECA8C401C4 /* MedicationAdherenceCalculator.swift in Sources */,
				C13346A1F53443F2BB888E27 /* LabReportParser.swift in Sources */,
				6857B7D98BC64860A4A0AC34 /* LabReportOCRService.swift in Sources */,
				A6AC5F3ADB754ABA9E8586E1 /* NotificationService.swift in Sources */,
				11CA40CE7EBE41BD9270AA35 /* HealthKitService.swift in Sources */,
				B9BC656B407843B6AC7E8B2A /* ReportExportService.swift in Sources */,
				9EC78CF164D04F2C8C1187B3 /* AppSettings.swift in Sources */,
				94A8780F377A4675B59872E3 /* LabTrendService.swift in Sources */,
				7A492FE981CB4D90B431339A /* HealthAlertService.swift in Sources */,
				1BF5B362350E4CA2AF189BB6 /* LabAnalysisService.swift in Sources */,
				B27935B26D254D07BE556E9D /* LabReportRepository.swift in Sources */,
				A376592EECCF47DEA5DBFA40 /* SelectedParentStore.swift in Sources */,
				11DFBC771A6B49178C19E4ED /* FeedbackService.swift in Sources */,
				696B49C775CB46288821586A /* AppNavigationStore.swift in Sources */,
			);
			runOnlyForDeploymentPostprocessing = 0;
		};
/* End PBXSourcesBuildPhase section */

/* Begin PBXTargetDependency section */
		69BEF007C0ED4D1581159CD9 /* PBXTargetDependency */ = {
			isa = PBXTargetDependency;
			target = 062AE23FEF8E462182C16F7E /* ParentsHealth */;
			targetProxy = 2E4158486BEE43D68ACB44FE /* PBXContainerItemProxy */;
		};
		FB58C82F1BF34DD181C69B84 /* PBXTargetDependency */ = {
			isa = PBXTargetDependency;
			target = 062AE23FEF8E462182C16F7E /* ParentsHealth */;
			targetProxy = 6366317AE78343068B475DE8 /* PBXContainerItemProxy */;
		};
/* End PBXTargetDependency section */

/* Begin XCBuildConfiguration section */
		0ECE7EEB44C343C5BFAC5B75 /* Release */ = {
			isa = XCBuildConfiguration;
			buildSettings = {
				GENERATE_INFOPLIST_FILE = YES;
				IPHONEOS_DEPLOYMENT_TARGET = 17.0;
				PRODUCT_BUNDLE_IDENTIFIER = com.widgetsflow.parentshealth.uitests;
				PRODUCT_NAME = ParentsHealthUITests;
				SWIFT_VERSION = 5.0;
				TEST_TARGET_NAME = ParentsHealth;
			};
			name = Release;
		};
		1A5E911D920E4407AE6E25FC /* Debug */ = {
			isa = XCBuildConfiguration;
			buildSettings = {
				CODE_SIGN_ENTITLEMENTS = ParentsHealth/ParentsHealth.entitlements;
				CODE_SIGN_IDENTITY = "Apple Development";
				CODE_SIGN_STYLE = Automatic;
				DEVELOPMENT_TEAM = VCBDYB22D9;
				INFOPLIST_FILE = ParentsHealth/Info.plist;
				PRODUCT_BUNDLE_IDENTIFIER = com.widgetsflow.parentshealth;
				PRODUCT_NAME = ParentsHealth;
				PROVISIONING_PROFILE_SPECIFIER = "";
				SWIFT_VERSION = 5.0;
				TARGETED_DEVICE_FAMILY = "1,2";
			};
			name = Debug;
		};
		4029CC86A7ED4F6288EA461E /* Release */ = {
			isa = XCBuildConfiguration;
			buildSettings = {
				BUNDLE_LOADER = "$(TEST_HOST)";
				GENERATE_INFOPLIST_FILE = YES;
				IPHONEOS_DEPLOYMENT_TARGET = 17.0;
				PRODUCT_BUNDLE_IDENTIFIER = com.widgetsflow.parentshealth.tests;
				PRODUCT_NAME = ParentsHealthTests;
				SWIFT_VERSION = 5.0;
				TEST_HOST = "$(BUILT_PRODUCTS_DIR)/ParentsHealth.app/$(BUNDLE_EXECUTABLE_FOLDER_PATH)/ParentsHealth";
			};
			name = Release;
		};
		46C573E436DC4AD68A70262B /* Debug */ = {
			isa = XCBuildConfiguration;
			buildSettings = {
				BUNDLE_LOADER = "$(TEST_HOST)";
				GENERATE_INFOPLIST_FILE = YES;
				IPHONEOS_DEPLOYMENT_TARGET = 17.0;
				PRODUCT_BUNDLE_IDENTIFIER = com.widgetsflow.parentshealth.tests;
				PRODUCT_NAME = ParentsHealthTests;
				SWIFT_VERSION = 5.0;
				TEST_HOST = "$(BUILT_PRODUCTS_DIR)/ParentsHealth.app/$(BUNDLE_EXECUTABLE_FOLDER_PATH)/ParentsHealth";
			};
			name = Debug;
		};
		92FF9ACAF20242B8A5A6EF0C /* Release */ = {
			isa = XCBuildConfiguration;
			buildSettings = {
				CODE_SIGN_ENTITLEMENTS = ParentsHealth/ParentsHealth.entitlements;
				CODE_SIGN_IDENTITY = "Apple Development";
				CODE_SIGN_STYLE = Automatic;
				DEVELOPMENT_TEAM = VCBDYB22D9;
				INFOPLIST_FILE = ParentsHealth/Info.plist;
				PRODUCT_BUNDLE_IDENTIFIER = com.widgetsflow.parentshealth;
				PRODUCT_NAME = ParentsHealth;
				PROVISIONING_PROFILE_SPECIFIER = "";
				SWIFT_VERSION = 5.0;
				TARGETED_DEVICE_FAMILY = "1,2";
			};
			name = Release;
		};
		9AF77978673446B9A10ACF4D /* Debug */ = {
			isa = XCBuildConfiguration;
			buildSettings = {
				GENERATE_INFOPLIST_FILE = YES;
				IPHONEOS_DEPLOYMENT_TARGET = 17.0;
				PRODUCT_BUNDLE_IDENTIFIER = com.widgetsflow.parentshealth.uitests;
				PRODUCT_NAME = ParentsHealthUITests;
				SWIFT_VERSION = 5.0;
				TEST_TARGET_NAME = ParentsHealth;
			};
			name = Debug;
		};
		E251774B9C634DD995462369 /* Debug */ = {
			isa = XCBuildConfiguration;
			buildSettings = {
				ENABLE_TESTABILITY = YES;
				IPHONEOS_DEPLOYMENT_TARGET = 17.0;
				SDKROOT = iphoneos;
			};
			name = Debug;
		};
		E54C9FE1906D4C06880EAA85 /* Release */ = {
			isa = XCBuildConfiguration;
			buildSettings = {
				ENABLE_TESTABILITY = YES;
				IPHONEOS_DEPLOYMENT_TARGET = 17.0;
				SDKROOT = iphoneos;
			};
			name = Release;
		};
/* End XCBuildConfiguration section */

/* Begin XCConfigurationList section */
		5F764E918CE84644A2B6858D /* Build configuration list for PBXNativeTarget "ParentsHealthTests" */ = {
			isa = XCConfigurationList;
			buildConfigurations = (
				46C573E436DC4AD68A70262B /* Debug */,
				4029CC86A7ED4F6288EA461E /* Release */,
			);
			defaultConfigurationIsVisible = 0;
			defaultConfigurationName = Release;
		};
		7B2A225D45404F2BA572A535 /* Build configuration list for PBXNativeTarget "ParentsHealth" */ = {
			isa = XCConfigurationList;
			buildConfigurations = (
				1A5E911D920E4407AE6E25FC /* Debug */,
				92FF9ACAF20242B8A5A6EF0C /* Release */,
			);
			defaultConfigurationIsVisible = 0;
			defaultConfigurationName = Release;
		};
		DA431DBA6C4741A68E92FC88 /* Build configuration list for PBXNativeTarget "ParentsHealthUITests" */ = {
			isa = XCConfigurationList;
			buildConfigurations = (
				9AF77978673446B9A10ACF4D /* Debug */,
				0ECE7EEB44C343C5BFAC5B75 /* Release */,
			);
			defaultConfigurationIsVisible = 0;
			defaultConfigurationName = Release;
		};
		E87268454D34486A933A2687 /* Build configuration list for PBXProject "ParentsHealth" */ = {
			isa = XCConfigurationList;
			buildConfigurations = (
				E251774B9C634DD995462369 /* Debug */,
				E54C9FE1906D4C06880EAA85 /* Release */,
			);
			defaultConfigurationIsVisible = 0;
			defaultConfigurationName = Release;
		};
/* End XCConfigurationList section */
	};
	rootObject = 34B4D26968304CF58D3DD99E /* Project object */;
}
